
Microsoft Visual Studio Solution File, Format Version 12.00
# Visual Studio Version 17
VisualStudioVersion = 17.2.32630.192
MinimumVisualStudioVersion = 10.0.40219.1
Project("{FAE04EC0-301F-11D3-BF4B-00C04F79EFBC}") = "FizzBuz", "FizzBuz\FizzBuz.csproj", "{1C75D007-4FFE-4A1E-9818-D13EE4541670}"
EndProject
Project("{FAE04EC0-301F-11D3-BF4B-00C04F79EFBC}") = "FizzBuzz.Tests", "FizzBuzz.Tests\FizzBuzz.Tests.csproj", "{54272CF2-4607-4ED3-A5A5-06D3344F4F87}"
EndProject
Global
	GlobalSection(SolutionConfigurationPlatforms) = preSolution
		Debug|Any CPU = Debug|Any CPU
		Release|Any CPU = Release|Any CPU
	EndGlobalSection
	GlobalSection(ProjectConfigurationPlatforms) = postSolution
		{1C75D007-4FFE-4A1E-9818-D13EE4541670}.Debug|Any CPU.ActiveCfg = Debug|Any CPU
		{1C75D007-4FFE-4A1E-9818-D13EE4541670}.Debug|Any CPU.Build.0 = Debug|Any CPU
		{1C75D007-4FFE-4A1E-9818-D13EE4541670}.Release|Any CPU.ActiveCfg = Release|Any CPU
		{1C75D007-4FFE-4A1E-9818-D13EE4541670}.Release|Any CPU.Build.0 = Release|Any CPU
		{54272CF2-4607-4ED3-A5A5-06D3344F4F87}.Debug|Any CPU.ActiveCfg = Debug|Any CPU
		{54272CF2-4607-4ED3-A5A5-06D3344F4F87}.Debug|Any CPU.Build.0 = Debug|Any CPU
		{54272CF2-4607-4ED3-A5A5-06D3344F4F87}.Release|Any CPU.ActiveCfg = Release|Any CPU
		{54272CF2-4607-4ED3-A5A5-06D3344F4F87}.Release|Any CPU.Build.0 = Release|Any CPU
	EndGlobalSection
	GlobalSection(SolutionProperties) = preSolution
		HideSolutionNode = FALSE
	EndGlobalSection
	GlobalSection(ExtensibilityGlobals) = postSolution
		SolutionGuid = {3A154159-CD9E-40EB-972C-310599D93EA6}
	EndGlobalSection
EndGlobal
