
Microsoft Visual Studio Solution File, Format Version 12.00
# Visual Studio Version 17
VisualStudioVersion = 17.2.32630.192
MinimumVisualStudioVersion = 10.0.40219.1
Project("{9A19103F-16F7-4668-BE54-9A1E7A4F7556}") = "Tempus.Core", "Tempus.Core\Tempus.Core.csproj", "{90CF8B25-3D3F-4D90-82F4-4E6AE58476B6}"
EndProject
Project("{9A19103F-16F7-4668-BE54-9A1E7A4F7556}") = "Tempus.Data", "Tempus.Data\Tempus.Data.csproj", "{4B288C40-B36D-41B0-8AB1-F37BE547597E}"
EndProject
Project("{9A19103F-16F7-4668-BE54-9A1E7A4F7556}") = "Tempus.Infrastructure", "Tempus.Infrastructure\Tempus.Infrastructure.csproj", "{405E8F11-995F-4873-B5A8-21664DB94807}"
EndProject
Project("{FAE04EC0-301F-11D3-BF4B-00C04F79EFBC}") = "Tempus.API", "Tempus.API\Tempus.API.csproj", "{C0BD9CA5-C900-44A5-8DA0-BDF1A337BB05}"
EndProject
Project("{FAE04EC0-301F-11D3-BF4B-00C04F79EFBC}") = "Tempus.IntegrationTests", "Tempus.IntegrationTests\Tempus.IntegrationTests.csproj", "{71A59D62-8920-45E4-A911-103B8BAB3105}"
EndProject
Project("{FAE04EC0-301F-11D3-BF4B-00C04F79EFBC}") = "Tempus.Tests", "Tempus.Tests\Tempus.Tests.csproj", "{A34C47D4-D647-450F-90CD-1B27F0038FF3}"
EndProject
Global
	GlobalSection(SolutionConfigurationPlatforms) = preSolution
		Debug|Any CPU = Debug|Any CPU
		Release|Any CPU = Release|Any CPU
	EndGlobalSection
	GlobalSection(ProjectConfigurationPlatforms) = postSolution
		{90CF8B25-3D3F-4D90-82F4-4E6AE58476B6}.Debug|Any CPU.ActiveCfg = Debug|Any CPU
		{90CF8B25-3D3F-4D90-82F4-4E6AE58476B6}.Debug|Any CPU.Build.0 = Debug|Any CPU
		{90CF8B25-3D3F-4D90-82F4-4E6AE58476B6}.Release|Any CPU.ActiveCfg = Release|Any CPU
		{90CF8B25-3D3F-4D90-82F4-4E6AE58476B6}.Release|Any CPU.Build.0 = Release|Any CPU
		{4B288C40-B36D-41B0-8AB1-F37BE547597E}.Debug|Any CPU.ActiveCfg = Debug|Any CPU
		{4B288C40-B36D-41B0-8AB1-F37BE547597E}.Debug|Any CPU.Build.0 = Debug|Any CPU
		{4B288C40-B36D-41B0-8AB1-F37BE547597E}.Release|Any CPU.ActiveCfg = Release|Any CPU
		{4B288C40-B36D-41B0-8AB1-F37BE547597E}.Release|Any CPU.Build.0 = Release|Any CPU
		{405E8F11-995F-4873-B5A8-21664DB94807}.Debug|Any CPU.ActiveCfg = Debug|Any CPU
		{405E8F11-995F-4873-B5A8-21664DB94807}.Debug|Any CPU.Build.0 = Debug|Any CPU
		{405E8F11-995F-4873-B5A8-21664DB94807}.Release|Any CPU.ActiveCfg = Release|Any CPU
		{405E8F11-995F-4873-B5A8-21664DB94807}.Release|Any CPU.Build.0 = Release|Any CPU
		{C0BD9CA5-C900-44A5-8DA0-BDF1A337BB05}.Debug|Any CPU.ActiveCfg = Debug|Any CPU
		{C0BD9CA5-C900-44A5-8DA0-BDF1A337BB05}.Debug|Any CPU.Build.0 = Debug|Any CPU
		{C0BD9CA5-C900-44A5-8DA0-BDF1A337BB05}.Release|Any CPU.ActiveCfg = Release|Any CPU
		{C0BD9CA5-C900-44A5-8DA0-BDF1A337BB05}.Release|Any CPU.Build.0 = Release|Any CPU
		{71A59D62-8920-45E4-A911-103B8BAB3105}.Debug|Any CPU.ActiveCfg = Debug|Any CPU
		{71A59D62-8920-45E4-A911-103B8BAB3105}.Debug|Any CPU.Build.0 = Debug|Any CPU
		{71A59D62-8920-45E4-A911-103B8BAB3105}.Release|Any CPU.ActiveCfg = Release|Any CPU
		{71A59D62-8920-45E4-A911-103B8BAB3105}.Release|Any CPU.Build.0 = Release|Any CPU
		{A34C47D4-D647-450F-90CD-1B27F0038FF3}.Debug|Any CPU.ActiveCfg = Debug|Any CPU
		{A34C47D4-D647-450F-90CD-1B27F0038FF3}.Debug|Any CPU.Build.0 = Debug|Any CPU
		{A34C47D4-D647-450F-90CD-1B27F0038FF3}.Release|Any CPU.ActiveCfg = Release|Any CPU
		{A34C47D4-D647-450F-90CD-1B27F0038FF3}.Release|Any CPU.Build.0 = Release|Any CPU
	EndGlobalSection
	GlobalSection(SolutionProperties) = preSolution
		HideSolutionNode = FALSE
	EndGlobalSection
	GlobalSection(ExtensibilityGlobals) = postSolution
		SolutionGuid = {D9944081-2CFE-45A2-B0E2-109B3E50FFF1}
	EndGlobalSection
EndGlobal
