{
  "version": 4,
  "terraform_version": "1.4.4",
  "serial": 18,
  "lineage": "27899292-345e-190e-b846-e7dbac446a53",
  "outputs": {},
  "resources": [
    {
      "mode": "data",
      "type": "azurerm_client_config",
      "name": "current",
      "provider": "provider[\"registry.terraform.io/hashicorp/azurerm\"]",
      "instances": [
        {
          "schema_version": 0,
          "attributes": {
            "client_id": "04b07795-8ddb-461a-bbee-02f9e1bf7b46",
            "id": "Y2xpZW50Q29uZmlncy9jbGllbnRJZD0wNGIwNzc5NS04ZGRiLTQ2MWEtYmJlZS0wMmY5ZTFiZjdiNDY7b2JqZWN0SWQ9NTI0ZmE2Y2ItOWFkMS00YjI0LTgyZjItNmU0MWE5ZjcxMjYyO3N1YnNjcmlwdGlvbklkPTcxYjA4NjEyLWNmYzctNDdiMC05MWE4LTRiNTEzYjM0NDM5Nzt0ZW5hbnRJZD0xZGEzY2IwZi05NjI4LTQ1MmMtYTBjYS0wNzk1ZWYxMDk4NGM=",
            "object_id": "524fa6cb-9ad1-4b24-82f2-6e41a9f71262",
            "subscription_id": "71b08612-cfc7-47b0-91a8-4b513b344397",
            "tenant_id": "1da3cb0f-9628-452c-a0ca-0795ef10984c",
            "timeouts": null
          },
          "sensitive_attributes": []
        }
      ]
    },
    {
      "mode": "managed",
      "type": "azurerm_resource_group",
      "name": "tempus_rg",
      "provider": "provider[\"registry.terraform.io/hashicorp/azurerm\"]",
      "instances": [
        {
          "schema_version": 0,
          "attributes": {
            "id": "/subscriptions/71b08612-cfc7-47b0-91a8-4b513b344397/resourceGroups/tempus-rg",
            "location": "westeurope",
            "name": "tempus-rg",
            "tags": {},
            "timeouts": null
          },
          "sensitive_attributes": [],
          "private": "eyJlMmJmYjczMC1lY2FhLTExZTYtOGY4OC0zNDM2M2JjN2M0YzAiOnsiY3JlYXRlIjo1NDAwMDAwMDAwMDAwLCJkZWxldGUiOjU0MDAwMDAwMDAwMDAsInJlYWQiOjMwMDAwMDAwMDAwMCwidXBkYXRlIjo1NDAwMDAwMDAwMDAwfX0="
        }
      ]
    },
    {
      "mode": "managed",
      "type": "azurerm_static_site",
      "name": "tempus_ss",
      "provider": "provider[\"registry.terraform.io/hashicorp/azurerm\"]",
      "instances": [
        {
          "schema_version": 0,
          "attributes": {
            "api_key": "5447b2edeae51476c347e52bf50e4f5fee2fdde192a9ea202927cbfb159b8dc93-7658be8e-3025-4f1a-833a-adf82bdbc05c003233969",
            "default_host_name": "gray-ground-05006da03.3.azurestaticapps.net",
            "id": "/subscriptions/71b08612-cfc7-47b0-91a8-4b513b344397/resourceGroups/tempus-rg/providers/Microsoft.Web/staticSites/tempus-ss",
            "identity": [],
            "location": "westeurope",
            "name": "tempus-ss",
            "resource_group_name": "tempus-rg",
            "sku_size": "Free",
            "sku_tier": "Free",
            "tags": null,
            "timeouts": null
          },
          "sensitive_attributes": [],
          "private": "eyJlMmJmYjczMC1lY2FhLTExZTYtOGY4OC0zNDM2M2JjN2M0YzAiOnsiY3JlYXRlIjoxODAwMDAwMDAwMDAwLCJkZWxldGUiOjE4MDAwMDAwMDAwMDAsInJlYWQiOjMwMDAwMDAwMDAwMCwidXBkYXRlIjoxODAwMDAwMDAwMDAwfX0=",
          "dependencies": [
            "azurerm_resource_group.tempus_rg"
          ]
        }
      ]
    },
    {
      "mode": "managed",
      "type": "random_integer",
      "name": "randomizer",
      "provider": "provider[\"registry.terraform.io/hashicorp/random\"]",
      "instances": [
        {
          "schema_version": 0,
          "attributes": {
            "id": "44307",
            "keepers": null,
            "max": 50000,
            "min": 1,
            "result": 44307,
            "seed": null
          },
          "sensitive_attributes": []
        }
      ]
    },
    {
      "module": "module.tempus-app",
      "mode": "managed",
      "type": "azurerm_application_insights",
      "name": "tempus_app_insights",
      "provider": "provider[\"registry.terraform.io/hashicorp/azurerm\"]",
      "instances": [
        {
          "schema_version": 1,
          "attributes": {
            "app_id": "5833ce77-8d08-47c8-9782-d3ed348249e9",
            "application_type": "web",
            "connection_string": "InstrumentationKey=ec103978-5569-4338-8d2c-583498f8bc65;IngestionEndpoint=https://westeurope-5.in.applicationinsights.azure.com/;LiveEndpoint=https://westeurope.livediagnostics.monitor.azure.com/",
            "daily_data_cap_in_gb": 0.2,
            "daily_data_cap_notifications_disabled": false,
            "disable_ip_masking": false,
            "force_customer_storage_for_profiler": false,
            "id": "/subscriptions/71b08612-cfc7-47b0-91a8-4b513b344397/resourceGroups/tempus-rg/providers/Microsoft.Insights/components/tempus-appi-dev",
            "instrumentation_key": "ec103978-5569-4338-8d2c-583498f8bc65",
            "internet_ingestion_enabled": true,
            "internet_query_enabled": true,
            "local_authentication_disabled": false,
            "location": "westeurope",
            "name": "tempus-appi-dev",
            "resource_group_name": "tempus-rg",
            "retention_in_days": 90,
            "sampling_percentage": 100,
            "tags": {
              "environment": "dev"
            },
            "timeouts": null,
            "workspace_id": "/subscriptions/71b08612-cfc7-47b0-91a8-4b513b344397/resourceGroups/tempus-rg/providers/Microsoft.OperationalInsights/workspaces/tempus-log-dev"
          },
          "sensitive_attributes": [],
          "private": "eyJlMmJmYjczMC1lY2FhLTExZTYtOGY4OC0zNDM2M2JjN2M0YzAiOnsiY3JlYXRlIjozNjAwMDAwMDAwMDAwLCJkZWxldGUiOjE4MDAwMDAwMDAwMDAsInJlYWQiOjMwMDAwMDAwMDAwMCwidXBkYXRlIjoxODAwMDAwMDAwMDAwfSwic2NoZW1hX3ZlcnNpb24iOiIxIn0=",
          "dependencies": [
            "azurerm_resource_group.tempus_rg",
            "module.tempus-app.azurerm_log_analytics_workspace.tempus_workspace"
          ]
        }
      ]
    },
    {
      "module": "module.tempus-app",
      "mode": "managed",
      "type": "azurerm_linux_web_app",
      "name": "tempus-app",
      "provider": "provider[\"registry.terraform.io/hashicorp/azurerm\"]",
      "instances": [
        {
          "schema_version": 0,
          "attributes": {
            "app_settings": {
              "APPINSIGHTS_INSTRUMENTATIONKEY": "ec103978-5569-4338-8d2c-583498f8bc65",
              "APPLICATIONINSIGHTS_CONNECTION_STRING": "InstrumentationKey=ec103978-5569-4338-8d2c-583498f8bc65;IngestionEndpoint=https://westeurope-5.in.applicationinsights.azure.com/;LiveEndpoint=https://westeurope.livediagnostics.monitor.azure.com/",
              "KeyVaultName": "tempus-kv-44307-dev"
            },
            "auth_settings": [],
            "auth_settings_v2": [],
            "backup": [],
            "client_affinity_enabled": false,
            "client_certificate_enabled": false,
            "client_certificate_exclusion_paths": "",
            "client_certificate_mode": "Required",
            "connection_string": [],
            "custom_domain_verification_id": "26D51F903F3B1AE0DF302EE2E26C2A36356869A2BE3873B5CF86A8DEC1D5E9BC",
            "default_hostname": "tempus-app-dev.azurewebsites.net",
            "enabled": true,
            "hosting_environment_id": "",
            "https_only": false,
            "id": "/subscriptions/71b08612-cfc7-47b0-91a8-4b513b344397/resourceGroups/tempus-rg/providers/Microsoft.Web/sites/tempus-app-dev",
            "identity": [
              {
                "identity_ids": [],
                "principal_id": "81d736c1-3a42-4ad0-a864-f9f313532d25",
                "tenant_id": "1da3cb0f-9628-452c-a0ca-0795ef10984c",
                "type": "SystemAssigned"
              }
            ],
            "key_vault_reference_identity_id": "SystemAssigned",
            "kind": "app,linux",
            "location": "westeurope",
            "logs": [],
            "name": "tempus-app-dev",
            "outbound_ip_address_list": [
              "20.31.120.12",
              "20.31.125.126",
              "20.31.125.193",
              "20.31.125.217",
              "20.31.126.58",
              "20.31.126.88",
              "20.126.201.182",
              "20.126.207.22",
              "20.126.205.191",
              "20.126.207.109",
              "20.126.207.205",
              "20.31.122.75",
              "20.105.216.32"
            ],
            "outbound_ip_addresses": "20.31.120.12,20.31.125.126,20.31.125.193,20.31.125.217,20.31.126.58,20.31.126.88,20.126.201.182,20.126.207.22,20.126.205.191,20.126.207.109,20.126.207.205,20.31.122.75,20.105.216.32",
            "possible_outbound_ip_address_list": [
              "20.31.120.12",
              "20.31.125.126",
              "20.31.125.193",
              "20.31.125.217",
              "20.31.126.58",
              "20.31.126.88",
              "20.126.201.182",
              "20.126.207.22",
              "20.126.205.191",
              "20.126.207.109",
              "20.126.207.205",
              "20.31.122.75",
              "20.31.122.121",
              "20.31.122.133",
              "20.31.122.136",
              "20.31.122.229",
              "20.31.122.230",
              "20.31.122.239",
              "20.31.120.10",
              "20.31.120.235",
              "20.31.123.101",
              "20.31.124.126",
              "20.31.125.71",
              "20.31.125.124",
              "20.31.120.12",
              "20.31.125.126",
              "20.31.125.193",
              "20.31.125.217",
              "20.31.126.58",
              "20.31.126.88",
              "20.31.126.114",
              "20.31.126.185",
              "20.31.127.23",
              "20.126.204.58",
              "20.31.127.86",
              "20.31.127.158",
              "20.105.216.32"
            ],
            "possible_outbound_ip_addresses": "20.31.120.12,20.31.125.126,20.31.125.193,20.31.125.217,20.31.126.58,20.31.126.88,20.126.201.182,20.126.207.22,20.126.205.191,20.126.207.109,20.126.207.205,20.31.122.75,20.31.122.121,20.31.122.133,20.31.122.136,20.31.122.229,20.31.122.230,20.31.122.239,20.31.120.10,20.31.120.235,20.31.123.101,20.31.124.126,20.31.125.71,20.31.125.124,20.31.120.12,20.31.125.126,20.31.125.193,20.31.125.217,20.31.126.58,20.31.126.88,20.31.126.114,20.31.126.185,20.31.127.23,20.126.204.58,20.31.127.86,20.31.127.158,20.105.216.32",
            "resource_group_name": "tempus-rg",
            "service_plan_id": "/subscriptions/71b08612-cfc7-47b0-91a8-4b513b344397/resourceGroups/tempus-rg/providers/Microsoft.Web/serverfarms/tempus-asp",
            "site_config": [
              {
                "always_on": true,
                "api_definition_url": "",
                "api_management_api_id": "",
                "app_command_line": "",
                "application_stack": [
                  {
                    "docker_image": "",
                    "docker_image_tag": "",
                    "dotnet_version": "7.0",
                    "go_version": "",
                    "java_server": "",
                    "java_server_version": "",
                    "java_version": "",
                    "node_version": "",
                    "php_version": "",
                    "python_version": "",
                    "ruby_version": ""
                  }
                ],
                "auto_heal_enabled": false,
                "auto_heal_setting": [],
                "container_registry_managed_identity_client_id": "",
                "container_registry_use_managed_identity": false,
                "cors": [],
                "default_documents": [
                  "Default.htm",
                  "Default.html",
                  "Default.asp",
                  "index.htm",
                  "index.html",
                  "iisstart.htm",
                  "default.aspx",
                  "index.php",
                  "hostingstart.html"
                ],
                "detailed_error_logging_enabled": false,
                "ftps_state": "Disabled",
                "health_check_eviction_time_in_min": 0,
                "health_check_path": "",
                "http2_enabled": false,
                "ip_restriction": [],
                "linux_fx_version": "DOTNETCORE|7.0",
                "load_balancing_mode": "LeastRequests",
                "local_mysql_enabled": false,
                "managed_pipeline_mode": "Integrated",
                "minimum_tls_version": "1.2",
                "remote_debugging_enabled": false,
                "remote_debugging_version": "VS2019",
                "scm_ip_restriction": [],
                "scm_minimum_tls_version": "1.2",
                "scm_type": "None",
                "scm_use_main_ip_restriction": false,
                "use_32_bit_worker": true,
                "vnet_route_all_enabled": false,
                "websockets_enabled": false,
                "worker_count": 1
              }
            ],
            "site_credential": [
              {
                "name": "$tempus-app-dev",
                "password": "Rfnb3kTwyarWBhDqgfhRb1h19AJWkA3u6wMWar6n0Yeo2sqqP6dwbm4eQC3z"
              }
            ],
            "sticky_settings": [],
            "storage_account": [],
            "tags": {
              "environment": "dev"
            },
            "timeouts": null,
            "virtual_network_subnet_id": "",
            "zip_deploy_file": ""
          },
          "sensitive_attributes": [
            [
              {
                "type": "get_attr",
                "value": "app_settings"
              },
              {
                "type": "index",
                "value": {
                  "value": "APPINSIGHTS_INSTRUMENTATIONKEY",
                  "type": "string"
                }
              }
            ],
            [
              {
                "type": "get_attr",
                "value": "app_settings"
              },
              {
                "type": "index",
                "value": {
                  "value": "APPLICATIONINSIGHTS_CONNECTION_STRING",
                  "type": "string"
                }
              }
            ]
          ],
          "private": "eyJlMmJmYjczMC1lY2FhLTExZTYtOGY4OC0zNDM2M2JjN2M0YzAiOnsiY3JlYXRlIjoxODAwMDAwMDAwMDAwLCJkZWxldGUiOjE4MDAwMDAwMDAwMDAsInJlYWQiOjMwMDAwMDAwMDAwMCwidXBkYXRlIjoxODAwMDAwMDAwMDAwfX0=",
          "dependencies": [
            "azurerm_resource_group.tempus_rg",
            "data.azurerm_client_config.current",
            "module.tempus-app.azurerm_application_insights.tempus_app_insights",
            "module.tempus-app.azurerm_log_analytics_workspace.tempus_workspace",
            "module.tempus-app.azurerm_service_plan.tempus-asp",
            "module.tempus_key_vault.azurerm_key_vault.tempus_kv",
            "random_integer.randomizer"
          ]
        }
      ]
    },
    {
      "module": "module.tempus-app",
      "mode": "managed",
      "type": "azurerm_log_analytics_workspace",
      "name": "tempus_workspace",
      "provider": "provider[\"registry.terraform.io/hashicorp/azurerm\"]",
      "instances": [
        {
          "schema_version": 3,
          "attributes": {
            "allow_resource_only_permissions": true,
            "cmk_for_query_forced": false,
            "daily_quota_gb": -1,
            "id": "/subscriptions/71b08612-cfc7-47b0-91a8-4b513b344397/resourceGroups/tempus-rg/providers/Microsoft.OperationalInsights/workspaces/tempus-log-dev",
            "internet_ingestion_enabled": true,
            "internet_query_enabled": true,
            "local_authentication_disabled": false,
            "location": "westeurope",
            "name": "tempus-log-dev",
            "primary_shared_key": "nILehqv/mzPZBu+nFzf9Zop5wp6dS1n6CDogx03OksLLjv9iKFvc7vPScSnlqMwSXeY0cTfPlOggls/XyS2AGA==",
            "reservation_capacity_in_gb_per_day": null,
            "resource_group_name": "tempus-rg",
            "retention_in_days": 30,
            "secondary_shared_key": "Hrkm+unuX1BF+qziLkkJztHhpZIw5XkYcVjCUIJLCwYZQVUA+cBqcoLvc/J1wtv7SvQO+w3Y07zefoJswskVkA==",
            "sku": "PerGB2018",
            "tags": {
              "environment": "dev"
            },
            "timeouts": null,
            "workspace_id": "39b98325-976e-463b-ac14-9086088df58f"
          },
          "sensitive_attributes": [],
          "private": "eyJlMmJmYjczMC1lY2FhLTExZTYtOGY4OC0zNDM2M2JjN2M0YzAiOnsiY3JlYXRlIjoxODAwMDAwMDAwMDAwLCJkZWxldGUiOjE4MDAwMDAwMDAwMDAsInJlYWQiOjMwMDAwMDAwMDAwMCwidXBkYXRlIjoxODAwMDAwMDAwMDAwfSwic2NoZW1hX3ZlcnNpb24iOiIzIn0=",
          "dependencies": [
            "azurerm_resource_group.tempus_rg"
          ]
        }
      ]
    },
    {
      "module": "module.tempus-app",
      "mode": "managed",
      "type": "azurerm_service_plan",
      "name": "tempus-asp",
      "provider": "provider[\"registry.terraform.io/hashicorp/azurerm\"]",
      "instances": [
        {
          "schema_version": 0,
          "attributes": {
            "app_service_environment_id": "",
            "id": "/subscriptions/71b08612-cfc7-47b0-91a8-4b513b344397/resourceGroups/tempus-rg/providers/Microsoft.Web/serverfarms/tempus-asp",
            "kind": "linux",
            "location": "westeurope",
            "maximum_elastic_worker_count": 1,
            "name": "tempus-asp",
            "os_type": "Linux",
            "per_site_scaling_enabled": false,
            "reserved": true,
            "resource_group_name": "tempus-rg",
            "sku_name": "B1",
            "tags": {
              "environment": "dev"
            },
            "timeouts": null,
            "worker_count": 1,
            "zone_balancing_enabled": false
          },
          "sensitive_attributes": [],
          "private": "eyJlMmJmYjczMC1lY2FhLTExZTYtOGY4OC0zNDM2M2JjN2M0YzAiOnsiY3JlYXRlIjozNjAwMDAwMDAwMDAwLCJkZWxldGUiOjM2MDAwMDAwMDAwMDAsInJlYWQiOjMwMDAwMDAwMDAwMCwidXBkYXRlIjozNjAwMDAwMDAwMDAwfX0=",
          "dependencies": [
            "azurerm_resource_group.tempus_rg"
          ]
        }
      ]
    },
    {
      "module": "module.tempus_database",
      "mode": "managed",
      "type": "azurerm_mssql_database",
      "name": "tempus_db",
      "provider": "provider[\"registry.terraform.io/hashicorp/azurerm\"]",
      "instances": [
        {
          "schema_version": 1,
          "attributes": {
            "auto_pause_delay_in_minutes": 0,
            "collation": "SQL_Latin1_General_CP1_CI_AS",
            "create_mode": "Default",
            "creation_source_database_id": null,
            "elastic_pool_id": "",
            "geo_backup_enabled": true,
            "id": "/subscriptions/71b08612-cfc7-47b0-91a8-4b513b344397/resourceGroups/tempus-rg/providers/Microsoft.Sql/servers/tempus-sqlserver-44307-dev/databases/tempus-database",
            "import": [],
            "ledger_enabled": false,
            "license_type": "",
            "long_term_retention_policy": [
              {
                "monthly_retention": "PT0S",
                "week_of_year": 1,
                "weekly_retention": "PT0S",
                "yearly_retention": "PT0S"
              }
            ],
            "maintenance_configuration_name": "SQL_Default",
            "max_size_gb": 2,
            "min_capacity": 0,
            "name": "tempus-database",
            "read_replica_count": 0,
            "read_scale": false,
            "recover_database_id": null,
            "restore_dropped_database_id": null,
            "restore_point_in_time": null,
            "sample_name": null,
            "server_id": "/subscriptions/71b08612-cfc7-47b0-91a8-4b513b344397/resourceGroups/tempus-rg/providers/Microsoft.Sql/servers/tempus-sqlserver-44307-dev",
            "short_term_retention_policy": [
              {
                "backup_interval_in_hours": 24,
                "retention_days": 7
              }
            ],
            "sku_name": "Basic",
            "storage_account_type": "Geo",
            "tags": {
              "environment": "dev"
            },
            "threat_detection_policy": [
              {
                "disabled_alerts": [],
                "email_account_admins": "Disabled",
                "email_addresses": [],
                "retention_days": 0,
                "state": "Disabled",
                "storage_account_access_key": "",
                "storage_endpoint": ""
              }
            ],
            "timeouts": null,
            "transparent_data_encryption_enabled": true,
            "zone_redundant": false
          },
          "sensitive_attributes": [],
          "private": "eyJlMmJmYjczMC1lY2FhLTExZTYtOGY4OC0zNDM2M2JjN2M0YzAiOnsiY3JlYXRlIjozNjAwMDAwMDAwMDAwLCJkZWxldGUiOjM2MDAwMDAwMDAwMDAsInJlYWQiOjMwMDAwMDAwMDAwMCwidXBkYXRlIjozNjAwMDAwMDAwMDAwfSwic2NoZW1hX3ZlcnNpb24iOiIxIn0=",
          "dependencies": [
            "azurerm_resource_group.tempus_rg",
            "data.azurerm_client_config.current",
            "module.tempus_database.azurerm_mssql_server.sql_server",
            "module.tempus_database.random_string.random_login",
            "module.tempus_database.random_string.random_password",
            "module.tempus_key_vault.azurerm_key_vault.tempus_kv",
            "module.tempus_key_vault.azurerm_key_vault_access_policy.kv_policy_principal",
            "random_integer.randomizer"
          ]
        }
      ]
    },
    {
      "module": "module.tempus_database",
      "mode": "managed",
      "type": "azurerm_mssql_firewall_rule",
      "name": "firewall_rule",
      "provider": "provider[\"registry.terraform.io/hashicorp/azurerm\"]",
      "instances": [
        {
          "schema_version": 0,
          "attributes": {
            "end_ip_address": "0.0.0.0",
            "id": "/subscriptions/71b08612-cfc7-47b0-91a8-4b513b344397/resourceGroups/tempus-rg/providers/Microsoft.Sql/servers/tempus-sqlserver-44307-dev/firewallRules/tempus-sql_firewall-rule",
            "name": "tempus-sql_firewall-rule",
            "server_id": "/subscriptions/71b08612-cfc7-47b0-91a8-4b513b344397/resourceGroups/tempus-rg/providers/Microsoft.Sql/servers/tempus-sqlserver-44307-dev",
            "start_ip_address": "0.0.0.0",
            "timeouts": null
          },
          "sensitive_attributes": [],
          "private": "eyJlMmJmYjczMC1lY2FhLTExZTYtOGY4OC0zNDM2M2JjN2M0YzAiOnsiY3JlYXRlIjoxODAwMDAwMDAwMDAwLCJkZWxldGUiOjE4MDAwMDAwMDAwMDAsInJlYWQiOjMwMDAwMDAwMDAwMCwidXBkYXRlIjoxODAwMDAwMDAwMDAwfX0=",
          "dependencies": [
            "azurerm_resource_group.tempus_rg",
            "module.tempus_database.azurerm_mssql_server.sql_server",
            "module.tempus_database.random_string.random_login",
            "module.tempus_database.random_string.random_password",
            "random_integer.randomizer"
          ]
        }
      ]
    },
    {
      "module": "module.tempus_database",
      "mode": "managed",
      "type": "azurerm_mssql_server",
      "name": "sql_server",
      "provider": "provider[\"registry.terraform.io/hashicorp/azurerm\"]",
      "instances": [
        {
          "schema_version": 0,
          "attributes": {
            "administrator_login": "\u003crC@Qi#ECCdw",
            "administrator_login_password": ":=JSRM16dD,]K*WwzgL�\\=",
            "azuread_administrator": [],
            "connection_policy": "Default",
            "fully_qualified_domain_name": "tempus-sqlserver-44307-dev.database.windows.net",
            "id": "/subscriptions/71b08612-cfc7-47b0-91a8-4b513b344397/resourceGroups/tempus-rg/providers/Microsoft.Sql/servers/tempus-sqlserver-44307-dev",
            "identity": [],
            "location": "westeurope",
            "minimum_tls_version": "1.2",
            "name": "tempus-sqlserver-44307-dev",
            "outbound_network_restriction_enabled": false,
            "primary_user_assigned_identity_id": "",
            "public_network_access_enabled": true,
            "resource_group_name": "tempus-rg",
            "restorable_dropped_database_ids": [],
            "tags": {
              "environment": "dev"
            },
            "timeouts": null,
            "transparent_data_encryption_key_vault_key_id": "",
            "version": "12.0"
          },
          "sensitive_attributes": [],
          "private": "eyJlMmJmYjczMC1lY2FhLTExZTYtOGY4OC0zNDM2M2JjN2M0YzAiOnsiY3JlYXRlIjozNjAwMDAwMDAwMDAwLCJkZWxldGUiOjM2MDAwMDAwMDAwMDAsInJlYWQiOjMwMDAwMDAwMDAwMCwidXBkYXRlIjozNjAwMDAwMDAwMDAwfX0=",
          "dependencies": [
            "azurerm_resource_group.tempus_rg",
            "module.tempus_database.random_string.random_login",
            "module.tempus_database.random_string.random_password",
            "random_integer.randomizer"
          ]
        }
      ]
    },
    {
      "module": "module.tempus_database",
      "mode": "managed",
      "type": "random_string",
      "name": "random_login",
      "provider": "provider[\"registry.terraform.io/hashicorp/random\"]",
      "instances": [
        {
          "schema_version": 2,
          "attributes": {
            "id": "\u003crC@Qi#ECCdw",
            "keepers": null,
            "length": 12,
            "lower": true,
            "min_lower": 0,
            "min_numeric": 0,
            "min_special": 0,
            "min_upper": 0,
            "number": true,
            "numeric": true,
            "override_special": null,
            "result": "\u003crC@Qi#ECCdw",
            "special": true,
            "upper": true
          },
          "sensitive_attributes": []
        }
      ]
    },
    {
      "module": "module.tempus_database",
      "mode": "managed",
      "type": "random_string",
      "name": "random_password",
      "provider": "provider[\"registry.terraform.io/hashicorp/random\"]",
      "instances": [
        {
          "schema_version": 2,
          "attributes": {
            "id": ":=JSRM16dD,]K*WwzgL�\\=",
            "keepers": null,
            "length": 22,
            "lower": true,
            "min_lower": 0,
            "min_numeric": 0,
            "min_special": 0,
            "min_upper": 0,
            "number": true,
            "numeric": true,
            "override_special": "@#$%^\u0026*-_+=[]{}|\\:‘,.?/`~“();",
            "result": ":=JSRM16dD,]K*WwzgL�\\=",
            "special": true,
            "upper": true
          },
          "sensitive_attributes": []
        }
      ]
    },
    {
      "module": "module.tempus_key_vault",
      "mode": "managed",
      "type": "azurerm_key_vault",
      "name": "tempus_kv",
      "provider": "provider[\"registry.terraform.io/hashicorp/azurerm\"]",
      "instances": [
        {
          "schema_version": 2,
          "attributes": {
            "access_policy": [
              {
                "application_id": "",
                "certificate_permissions": [],
                "key_permissions": [],
                "object_id": "524fa6cb-9ad1-4b24-82f2-6e41a9f71262",
                "secret_permissions": [
                  "Get",
                  "List",
                  "Set",
                  "Delete",
                  "Purge"
                ],
                "storage_permissions": [],
                "tenant_id": "1da3cb0f-9628-452c-a0ca-0795ef10984c"
              },
              {
                "application_id": "",
                "certificate_permissions": [],
                "key_permissions": [],
                "object_id": "81d736c1-3a42-4ad0-a864-f9f313532d25",
                "secret_permissions": [
                  "Get",
                  "List"
                ],
                "storage_permissions": [],
                "tenant_id": "1da3cb0f-9628-452c-a0ca-0795ef10984c"
              }
            ],
            "contact": [],
            "enable_rbac_authorization": false,
            "enabled_for_deployment": false,
            "enabled_for_disk_encryption": true,
            "enabled_for_template_deployment": false,
            "id": "/subscriptions/71b08612-cfc7-47b0-91a8-4b513b344397/resourceGroups/tempus-rg/providers/Microsoft.KeyVault/vaults/tempus-kv-44307-dev",
            "location": "westeurope",
            "name": "tempus-kv-44307-dev",
            "network_acls": [
              {
                "bypass": "AzureServices",
                "default_action": "Allow",
                "ip_rules": [],
                "virtual_network_subnet_ids": []
              }
            ],
            "public_network_access_enabled": true,
            "purge_protection_enabled": false,
            "resource_group_name": "tempus-rg",
            "sku_name": "standard",
            "soft_delete_retention_days": 7,
            "tags": {
              "environment": "dev"
            },
            "tenant_id": "1da3cb0f-9628-452c-a0ca-0795ef10984c",
            "timeouts": null,
            "vault_uri": "https://tempus-kv-44307-dev.vault.azure.net/"
          },
          "sensitive_attributes": [],
          "private": "eyJlMmJmYjczMC1lY2FhLTExZTYtOGY4OC0zNDM2M2JjN2M0YzAiOnsiY3JlYXRlIjoxODAwMDAwMDAwMDAwLCJkZWxldGUiOjE4MDAwMDAwMDAwMDAsInJlYWQiOjMwMDAwMDAwMDAwMCwidXBkYXRlIjoxODAwMDAwMDAwMDAwfSwic2NoZW1hX3ZlcnNpb24iOiIyIn0=",
          "dependencies": [
            "azurerm_resource_group.tempus_rg",
            "data.azurerm_client_config.current",
            "random_integer.randomizer"
          ]
        }
      ]
    },
    {
      "module": "module.tempus_key_vault",
      "mode": "managed",
      "type": "azurerm_key_vault_access_policy",
      "name": "kv_policy_access",
      "provider": "provider[\"registry.terraform.io/hashicorp/azurerm\"]",
      "instances": [
        {
          "schema_version": 0,
          "attributes": {
            "application_id": "",
            "certificate_permissions": [],
            "id": "/subscriptions/71b08612-cfc7-47b0-91a8-4b513b344397/resourceGroups/tempus-rg/providers/Microsoft.KeyVault/vaults/tempus-kv-44307-dev/objectId/81d736c1-3a42-4ad0-a864-f9f313532d25",
            "key_permissions": [],
            "key_vault_id": "/subscriptions/71b08612-cfc7-47b0-91a8-4b513b344397/resourceGroups/tempus-rg/providers/Microsoft.KeyVault/vaults/tempus-kv-44307-dev",
            "object_id": "81d736c1-3a42-4ad0-a864-f9f313532d25",
            "secret_permissions": [
              "Get",
              "List"
            ],
            "storage_permissions": [],
            "tenant_id": "1da3cb0f-9628-452c-a0ca-0795ef10984c",
            "timeouts": null
          },
          "sensitive_attributes": [],
          "private": "eyJlMmJmYjczMC1lY2FhLTExZTYtOGY4OC0zNDM2M2JjN2M0YzAiOnsiY3JlYXRlIjoxODAwMDAwMDAwMDAwLCJkZWxldGUiOjE4MDAwMDAwMDAwMDAsInJlYWQiOjMwMDAwMDAwMDAwMCwidXBkYXRlIjoxODAwMDAwMDAwMDAwfX0=",
          "dependencies": [
            "azurerm_resource_group.tempus_rg",
            "data.azurerm_client_config.current",
            "module.tempus-app.azurerm_application_insights.tempus_app_insights",
            "module.tempus-app.azurerm_linux_web_app.tempus-app",
            "module.tempus-app.azurerm_log_analytics_workspace.tempus_workspace",
            "module.tempus-app.azurerm_service_plan.tempus-asp",
            "module.tempus_key_vault.azurerm_key_vault.tempus_kv",
            "random_integer.randomizer"
          ]
        }
      ]
    },
    {
      "module": "module.tempus_key_vault",
      "mode": "managed",
      "type": "azurerm_key_vault_access_policy",
      "name": "kv_policy_principal",
      "provider": "provider[\"registry.terraform.io/hashicorp/azurerm\"]",
      "instances": [
        {
          "schema_version": 0,
          "attributes": {
            "application_id": "",
            "certificate_permissions": [],
            "id": "/subscriptions/71b08612-cfc7-47b0-91a8-4b513b344397/resourceGroups/tempus-rg/providers/Microsoft.KeyVault/vaults/tempus-kv-44307-dev/objectId/524fa6cb-9ad1-4b24-82f2-6e41a9f71262",
            "key_permissions": [],
            "key_vault_id": "/subscriptions/71b08612-cfc7-47b0-91a8-4b513b344397/resourceGroups/tempus-rg/providers/Microsoft.KeyVault/vaults/tempus-kv-44307-dev",
            "object_id": "524fa6cb-9ad1-4b24-82f2-6e41a9f71262",
            "secret_permissions": [
              "Get",
              "List",
              "Set",
              "Delete",
              "Purge"
            ],
            "storage_permissions": [],
            "tenant_id": "1da3cb0f-9628-452c-a0ca-0795ef10984c",
            "timeouts": null
          },
          "sensitive_attributes": [],
          "private": "eyJlMmJmYjczMC1lY2FhLTExZTYtOGY4OC0zNDM2M2JjN2M0YzAiOnsiY3JlYXRlIjoxODAwMDAwMDAwMDAwLCJkZWxldGUiOjE4MDAwMDAwMDAwMDAsInJlYWQiOjMwMDAwMDAwMDAwMCwidXBkYXRlIjoxODAwMDAwMDAwMDAwfX0=",
          "dependencies": [
            "azurerm_resource_group.tempus_rg",
            "data.azurerm_client_config.current",
            "module.tempus_key_vault.azurerm_key_vault.tempus_kv",
            "random_integer.randomizer"
          ]
        }
      ]
    },
    {
      "module": "module.tempus_key_vault",
      "mode": "managed",
      "type": "azurerm_key_vault_secret",
      "name": "tempus_app_context",
      "provider": "provider[\"registry.terraform.io/hashicorp/azurerm\"]",
      "instances": [
        {
          "schema_version": 0,
          "attributes": {
            "content_type": "",
            "expiration_date": null,
            "id": "https://tempus-kv-44307-dev.vault.azure.net/secrets/tempus-connection-string/ac050566eb68455bab2f4a3c96b09279",
            "key_vault_id": "/subscriptions/71b08612-cfc7-47b0-91a8-4b513b344397/resourceGroups/tempus-rg/providers/Microsoft.KeyVault/vaults/tempus-kv-44307-dev",
            "name": "tempus-connection-string",
            "not_before_date": null,
            "resource_id": "/subscriptions/71b08612-cfc7-47b0-91a8-4b513b344397/resourceGroups/tempus-rg/providers/Microsoft.KeyVault/vaults/tempus-kv-44307-dev/secrets/tempus-connection-string/versions/ac050566eb68455bab2f4a3c96b09279",
            "resource_versionless_id": "/subscriptions/71b08612-cfc7-47b0-91a8-4b513b344397/resourceGroups/tempus-rg/providers/Microsoft.KeyVault/vaults/tempus-kv-44307-dev/secrets/tempus-connection-string",
            "tags": {},
            "timeouts": null,
            "value": "Server=tcp:tempus-sqlserver-44307-dev.database.windows.net,1433;Initial Catalog=tempus-database;Persist Security Info=False;User ID=\u003crC@Qi#ECCdw;Password=:=JSRM16dD,]K*WwzgL�\\=;MultipleActiveResultSets=False;Encrypt=True;TrustServerCertificate=False;Connection Timeout=30;",
            "version": "ac050566eb68455bab2f4a3c96b09279",
            "versionless_id": "https://tempus-kv-44307-dev.vault.azure.net/secrets/tempus-connection-string"
          },
          "sensitive_attributes": [
            [
              {
                "type": "get_attr",
                "value": "value"
              }
            ]
          ],
          "private": "eyJlMmJmYjczMC1lY2FhLTExZTYtOGY4OC0zNDM2M2JjN2M0YzAiOnsiY3JlYXRlIjoxODAwMDAwMDAwMDAwLCJkZWxldGUiOjE4MDAwMDAwMDAwMDAsInJlYWQiOjE4MDAwMDAwMDAwMDAsInVwZGF0ZSI6MTgwMDAwMDAwMDAwMH19",
          "dependencies": [
            "azurerm_resource_group.tempus_rg",
            "data.azurerm_client_config.current",
            "module.tempus_database.azurerm_mssql_database.tempus_db",
            "module.tempus_database.azurerm_mssql_server.sql_server",
            "module.tempus_database.random_string.random_login",
            "module.tempus_database.random_string.random_password",
            "module.tempus_key_vault.azurerm_key_vault.tempus_kv",
            "module.tempus_key_vault.azurerm_key_vault_access_policy.kv_policy_principal",
            "random_integer.randomizer"
          ]
        }
      ]
    }
  ],
  "check_results": null
}
