{
  "version": 4,
  "terraform_version": "1.12.1",
  "serial": 293,
  "lineage": "6deac63e-2889-087a-672e-7f82d236c06c",
  "outputs": {},
  "resources": [
    {
      "mode": "data",
      "type": "azurerm_client_config",
      "name": "current",
      "provider": "provider[\"registry.terraform.io/hashicorp/azurerm\"]",
      "instances": [
        {
          "schema_version": 0,
          "attributes": {
            "client_id": "04b07795-8ddb-461a-bbee-02f9e1bf7b46",
            "id": "Y2xpZW50Q29uZmlncy9jbGllbnRJZD0wNGIwNzc5NS04ZGRiLTQ2MWEtYmJlZS0wMmY5ZTFiZjdiNDY7b2JqZWN0SWQ9OTg4OTg2NWUtM2RkYy00NmNmLWJlMTYtNWYzNTA5OGIwYWE2O3N1YnNjcmlwdGlvbklkPTdkNWFiNzA5LTNjODItNDJjOC1iYmNhLWE4NmY4ZDE1NTM4Yjt0ZW5hbnRJZD02NjljNTI3Ny03ZDNmLTQwZTgtYTk1Ni0zNTg0ZjE0N2ViZDc=",
            "object_id": "9889865e-3ddc-46cf-be16-5f35098b0aa6",
            "subscription_id": "7d5ab709-3c82-42c8-bbca-a86f8d15538b",
            "tenant_id": "669c5277-7d3f-40e8-a956-3584f147ebd7",
            "timeouts": null
          },
          "sensitive_attributes": [],
          "identity_schema_version": 0
        }
      ]
    },
    {
      "mode": "managed",
      "type": "azurerm_resource_group",
      "name": "tempus_rg",
      "provider": "provider[\"registry.terraform.io/hashicorp/azurerm\"]",
      "instances": [
        {
          "schema_version": 0,
          "attributes": {
            "id": "/subscriptions/7d5ab709-3c82-42c8-bbca-a86f8d15538b/resourceGroups/tempus-rg",
            "location": "northeurope",
            "name": "tempus-rg",
            "tags": null,
            "timeouts": null
          },
          "sensitive_attributes": [],
          "identity_schema_version": 0,
          "private": "eyJlMmJmYjczMC1lY2FhLTExZTYtOGY4OC0zNDM2M2JjN2M0YzAiOnsiY3JlYXRlIjo1NDAwMDAwMDAwMDAwLCJkZWxldGUiOjU0MDAwMDAwMDAwMDAsInJlYWQiOjMwMDAwMDAwMDAwMCwidXBkYXRlIjo1NDAwMDAwMDAwMDAwfX0="
        }
      ]
    },
    {
      "mode": "managed",
      "type": "random_integer",
      "name": "randomizer",
      "provider": "provider[\"registry.terraform.io/hashicorp/random\"]",
      "instances": [
        {
          "schema_version": 0,
          "attributes": {
            "id": "13485",
            "keepers": null,
            "max": 50000,
            "min": 1,
            "result": 13485,
            "seed": null
          },
          "sensitive_attributes": [],
          "identity_schema_version": 0
        }
      ]
    },
    {
      "module": "module.tempus_app_NET",
      "mode": "managed",
      "type": "azurerm_service_plan",
      "name": "tempus_asp",
      "provider": "provider[\"registry.terraform.io/hashicorp/azurerm\"]",
      "instances": [
        {
          "schema_version": 0,
          "attributes": {
            "app_service_environment_id": "",
            "id": "/subscriptions/7d5ab709-3c82-42c8-bbca-a86f8d15538b/resourceGroups/tempus-rg/providers/Microsoft.Web/serverfarms/tempus-asp",
            "kind": "linux",
            "location": "northeurope",
            "maximum_elastic_worker_count": 1,
            "name": "tempus-asp",
            "os_type": "Linux",
            "per_site_scaling_enabled": false,
            "reserved": true,
            "resource_group_name": "tempus-rg",
            "sku_name": "B1",
            "tags": {
              "environment": "dev"
            },
            "timeouts": null,
            "worker_count": 1,
            "zone_balancing_enabled": false
          },
          "sensitive_attributes": [],
          "identity_schema_version": 0,
          "private": "eyJlMmJmYjczMC1lY2FhLTExZTYtOGY4OC0zNDM2M2JjN2M0YzAiOnsiY3JlYXRlIjozNjAwMDAwMDAwMDAwLCJkZWxldGUiOjM2MDAwMDAwMDAwMDAsInJlYWQiOjMwMDAwMDAwMDAwMCwidXBkYXRlIjozNjAwMDAwMDAwMDAwfX0=",
          "dependencies": [
            "azurerm_resource_group.tempus_rg"
          ]
        }
      ]
    },
    {
      "module": "module.tempus_database",
      "mode": "managed",
      "type": "azurerm_mssql_database",
      "name": "tempus_db",
      "provider": "provider[\"registry.terraform.io/hashicorp/azurerm\"]",
      "instances": [
        {
          "schema_version": 1,
          "attributes": {
            "auto_pause_delay_in_minutes": 0,
            "collation": "SQL_Latin1_General_CP1_CI_AS",
            "create_mode": "Default",
            "creation_source_database_id": null,
            "elastic_pool_id": "",
            "geo_backup_enabled": true,
            "id": "/subscriptions/7d5ab709-3c82-42c8-bbca-a86f8d15538b/resourceGroups/tempus-rg/providers/Microsoft.Sql/servers/tempus-sqlserver-13485-dev/databases/tempus-database",
            "import": [],
            "ledger_enabled": false,
            "license_type": "",
            "long_term_retention_policy": [
              {
                "monthly_retention": "PT0S",
                "week_of_year": 1,
                "weekly_retention": "PT0S",
                "yearly_retention": "PT0S"
              }
            ],
            "maintenance_configuration_name": "SQL_Default",
            "max_size_gb": 2,
            "min_capacity": 0,
            "name": "tempus-database",
            "read_replica_count": 0,
            "read_scale": false,
            "recover_database_id": null,
            "restore_dropped_database_id": null,
            "restore_point_in_time": null,
            "sample_name": null,
            "server_id": "/subscriptions/7d5ab709-3c82-42c8-bbca-a86f8d15538b/resourceGroups/tempus-rg/providers/Microsoft.Sql/servers/tempus-sqlserver-13485-dev",
            "short_term_retention_policy": [
              {
                "backup_interval_in_hours": 24,
                "retention_days": 7
              }
            ],
            "sku_name": "Basic",
            "storage_account_type": "Geo",
            "tags": {
              "environment": "dev"
            },
            "threat_detection_policy": [
              {
                "disabled_alerts": [],
                "email_account_admins": "Disabled",
                "email_addresses": [],
                "retention_days": 0,
                "state": "Disabled",
                "storage_account_access_key": "",
                "storage_endpoint": ""
              }
            ],
            "timeouts": null,
            "transparent_data_encryption_enabled": true,
            "zone_redundant": false
          },
          "sensitive_attributes": [
            [
              {
                "type": "get_attr",
                "value": "threat_detection_policy"
              },
              {
                "type": "index",
                "value": {
                  "value": 0,
                  "type": "number"
                }
              },
              {
                "type": "get_attr",
                "value": "storage_account_access_key"
              }
            ]
          ],
          "identity_schema_version": 0,
          "private": "eyJlMmJmYjczMC1lY2FhLTExZTYtOGY4OC0zNDM2M2JjN2M0YzAiOnsiY3JlYXRlIjozNjAwMDAwMDAwMDAwLCJkZWxldGUiOjM2MDAwMDAwMDAwMDAsInJlYWQiOjMwMDAwMDAwMDAwMCwidXBkYXRlIjozNjAwMDAwMDAwMDAwfSwic2NoZW1hX3ZlcnNpb24iOiIxIn0=",
          "dependencies": [
            "azurerm_resource_group.tempus_rg",
            "data.azurerm_client_config.current",
            "module.tempus_database.azurerm_mssql_server.sql_server",
            "module.tempus_database.random_string.random_login",
            "module.tempus_database.random_string.random_password",
            "module.tempus_key_vault.azurerm_key_vault.tempus_kv",
            "module.tempus_key_vault.azurerm_key_vault_access_policy.kv_policy_principal",
            "random_integer.randomizer"
          ]
        }
      ]
    },
    {
      "module": "module.tempus_database",
      "mode": "managed",
      "type": "azurerm_mssql_firewall_rule",
      "name": "firewall_rule",
      "provider": "provider[\"registry.terraform.io/hashicorp/azurerm\"]",
      "instances": [
        {
          "schema_version": 0,
          "attributes": {
            "end_ip_address": "0.0.0.0",
            "id": "/subscriptions/7d5ab709-3c82-42c8-bbca-a86f8d15538b/resourceGroups/tempus-rg/providers/Microsoft.Sql/servers/tempus-sqlserver-13485-dev/firewallRules/tempus-sql_firewall-rule",
            "name": "tempus-sql_firewall-rule",
            "server_id": "/subscriptions/7d5ab709-3c82-42c8-bbca-a86f8d15538b/resourceGroups/tempus-rg/providers/Microsoft.Sql/servers/tempus-sqlserver-13485-dev",
            "start_ip_address": "0.0.0.0",
            "timeouts": null
          },
          "sensitive_attributes": [],
          "identity_schema_version": 0,
          "private": "eyJlMmJmYjczMC1lY2FhLTExZTYtOGY4OC0zNDM2M2JjN2M0YzAiOnsiY3JlYXRlIjoxODAwMDAwMDAwMDAwLCJkZWxldGUiOjE4MDAwMDAwMDAwMDAsInJlYWQiOjMwMDAwMDAwMDAwMCwidXBkYXRlIjoxODAwMDAwMDAwMDAwfX0=",
          "dependencies": [
            "azurerm_resource_group.tempus_rg",
            "module.tempus_database.azurerm_mssql_server.sql_server",
            "module.tempus_database.random_string.random_login",
            "module.tempus_database.random_string.random_password",
            "random_integer.randomizer"
          ]
        }
      ]
    },
    {
      "module": "module.tempus_database",
      "mode": "managed",
      "type": "azurerm_mssql_firewall_rule",
      "name": "local_access",
      "provider": "provider[\"registry.terraform.io/hashicorp/azurerm\"]",
      "instances": [
        {
          "schema_version": 0,
          "attributes": {
            "end_ip_address": "0.0.0.0",
            "id": "/subscriptions/7d5ab709-3c82-42c8-bbca-a86f8d15538b/resourceGroups/tempus-rg/providers/Microsoft.Sql/servers/tempus-sqlserver-13485-dev/firewallRules/tempus-sql_firewall-rule",
            "name": "tempus-sql_firewall-rule",
            "server_id": "/subscriptions/7d5ab709-3c82-42c8-bbca-a86f8d15538b/resourceGroups/tempus-rg/providers/Microsoft.Sql/servers/tempus-sqlserver-13485-dev",
            "start_ip_address": "0.0.0.0",
            "timeouts": null
          },
          "sensitive_attributes": [],
          "identity_schema_version": 0,
          "private": "eyJlMmJmYjczMC1lY2FhLTExZTYtOGY4OC0zNDM2M2JjN2M0YzAiOnsiY3JlYXRlIjoxODAwMDAwMDAwMDAwLCJkZWxldGUiOjE4MDAwMDAwMDAwMDAsInJlYWQiOjMwMDAwMDAwMDAwMCwidXBkYXRlIjoxODAwMDAwMDAwMDAwfX0=",
          "dependencies": [
            "azurerm_resource_group.tempus_rg",
            "module.tempus_database.azurerm_mssql_server.sql_server",
            "module.tempus_database.random_string.random_login",
            "module.tempus_database.random_string.random_password",
            "random_integer.randomizer"
          ]
        }
      ]
    },
    {
      "module": "module.tempus_database",
      "mode": "managed",
      "type": "azurerm_mssql_server",
      "name": "sql_server",
      "provider": "provider[\"registry.terraform.io/hashicorp/azurerm\"]",
      "instances": [
        {
          "schema_version": 0,
          "attributes": {
            "administrator_login": "OprUzHXR2oi2",
            "administrator_login_password": "z\ufffd}O^PLv\ufffdyOs4~Dqapl\ufffd?2",
            "azuread_administrator": [],
            "connection_policy": "Default",
            "fully_qualified_domain_name": "tempus-sqlserver-13485-dev.database.windows.net",
            "id": "/subscriptions/7d5ab709-3c82-42c8-bbca-a86f8d15538b/resourceGroups/tempus-rg/providers/Microsoft.Sql/servers/tempus-sqlserver-13485-dev",
            "identity": [],
            "location": "northeurope",
            "minimum_tls_version": "1.2",
            "name": "tempus-sqlserver-13485-dev",
            "outbound_network_restriction_enabled": false,
            "primary_user_assigned_identity_id": "",
            "public_network_access_enabled": true,
            "resource_group_name": "tempus-rg",
            "restorable_dropped_database_ids": [],
            "tags": {
              "environment": "dev"
            },
            "timeouts": null,
            "transparent_data_encryption_key_vault_key_id": "",
            "version": "12.0"
          },
          "sensitive_attributes": [
            [
              {
                "type": "get_attr",
                "value": "administrator_login_password"
              }
            ]
          ],
          "identity_schema_version": 0,
          "private": "eyJlMmJmYjczMC1lY2FhLTExZTYtOGY4OC0zNDM2M2JjN2M0YzAiOnsiY3JlYXRlIjozNjAwMDAwMDAwMDAwLCJkZWxldGUiOjM2MDAwMDAwMDAwMDAsInJlYWQiOjMwMDAwMDAwMDAwMCwidXBkYXRlIjozNjAwMDAwMDAwMDAwfX0=",
          "dependencies": [
            "azurerm_resource_group.tempus_rg",
            "module.tempus_database.random_string.random_login",
            "module.tempus_database.random_string.random_password",
            "random_integer.randomizer"
          ]
        }
      ]
    },
    {
      "module": "module.tempus_database",
      "mode": "managed",
      "type": "random_string",
      "name": "random_login",
      "provider": "provider[\"registry.terraform.io/hashicorp/random\"]",
      "instances": [
        {
          "schema_version": 2,
          "attributes": {
            "id": "OprUzHXR2oi2",
            "keepers": null,
            "length": 12,
            "lower": true,
            "min_lower": 0,
            "min_numeric": 0,
            "min_special": 0,
            "min_upper": 0,
            "number": true,
            "numeric": true,
            "override_special": null,
            "result": "OprUzHXR2oi2",
            "special": false,
            "upper": true
          },
          "sensitive_attributes": [],
          "identity_schema_version": 0
        }
      ]
    },
    {
      "module": "module.tempus_database",
      "mode": "managed",
      "type": "random_string",
      "name": "random_password",
      "provider": "provider[\"registry.terraform.io/hashicorp/random\"]",
      "instances": [
        {
          "schema_version": 2,
          "attributes": {
            "id": "z\ufffd}O^PLv\ufffdyOs4~Dqapl\ufffd?2",
            "keepers": null,
            "length": 22,
            "lower": true,
            "min_lower": 0,
            "min_numeric": 0,
            "min_special": 0,
            "min_upper": 0,
            "number": true,
            "numeric": true,
            "override_special": "#$%^\u0026*-_+[]{}|:‘,.?/`~“()",
            "result": "z\ufffd}O^PLv\ufffdyOs4~Dqapl\ufffd?2",
            "special": true,
            "upper": true
          },
          "sensitive_attributes": [],
          "identity_schema_version": 0
        }
      ]
    },
    {
      "module": "module.tempus_key_vault",
      "mode": "managed",
      "type": "azurerm_key_vault",
      "name": "tempus_kv",
      "provider": "provider[\"registry.terraform.io/hashicorp/azurerm\"]",
      "instances": [
        {
          "schema_version": 2,
          "attributes": {
            "access_policy": [],
            "contact": [],
            "enable_rbac_authorization": false,
            "enabled_for_deployment": false,
            "enabled_for_disk_encryption": true,
            "enabled_for_template_deployment": false,
            "id": "/subscriptions/7d5ab709-3c82-42c8-bbca-a86f8d15538b/resourceGroups/tempus-rg/providers/Microsoft.KeyVault/vaults/tempus-kv-13485-dev",
            "location": "northeurope",
            "name": "tempus-kv-13485-dev",
            "network_acls": [
              {
                "bypass": "AzureServices",
                "default_action": "Allow",
                "ip_rules": [],
                "virtual_network_subnet_ids": []
              }
            ],
            "public_network_access_enabled": true,
            "purge_protection_enabled": false,
            "resource_group_name": "tempus-rg",
            "sku_name": "standard",
            "soft_delete_retention_days": 7,
            "tags": {
              "environment": "dev"
            },
            "tenant_id": "669c5277-7d3f-40e8-a956-3584f147ebd7",
            "timeouts": null,
            "vault_uri": "https://tempus-kv-13485-dev.vault.azure.net/"
          },
          "sensitive_attributes": [],
          "identity_schema_version": 0,
          "private": "eyJlMmJmYjczMC1lY2FhLTExZTYtOGY4OC0zNDM2M2JjN2M0YzAiOnsiY3JlYXRlIjoxODAwMDAwMDAwMDAwLCJkZWxldGUiOjE4MDAwMDAwMDAwMDAsInJlYWQiOjMwMDAwMDAwMDAwMCwidXBkYXRlIjoxODAwMDAwMDAwMDAwfSwic2NoZW1hX3ZlcnNpb24iOiIyIn0=",
          "dependencies": [
            "azurerm_resource_group.tempus_rg",
            "data.azurerm_client_config.current",
            "random_integer.randomizer"
          ]
        }
      ]
    },
    {
      "module": "module.tempus_key_vault",
      "mode": "managed",
      "type": "azurerm_key_vault_access_policy",
      "name": "kv_policy_principal",
      "provider": "provider[\"registry.terraform.io/hashicorp/azurerm\"]",
      "instances": [
        {
          "schema_version": 0,
          "attributes": {
            "application_id": null,
            "certificate_permissions": null,
            "id": "/subscriptions/7d5ab709-3c82-42c8-bbca-a86f8d15538b/resourceGroups/tempus-rg/providers/Microsoft.KeyVault/vaults/tempus-kv-13485-dev/objectId/9889865e-3ddc-46cf-be16-5f35098b0aa6",
            "key_permissions": null,
            "key_vault_id": "/subscriptions/7d5ab709-3c82-42c8-bbca-a86f8d15538b/resourceGroups/tempus-rg/providers/Microsoft.KeyVault/vaults/tempus-kv-13485-dev",
            "object_id": "9889865e-3ddc-46cf-be16-5f35098b0aa6",
            "secret_permissions": [
              "Get",
              "List",
              "Set",
              "Delete",
              "Purge"
            ],
            "storage_permissions": null,
            "tenant_id": "669c5277-7d3f-40e8-a956-3584f147ebd7",
            "timeouts": null
          },
          "sensitive_attributes": [],
          "identity_schema_version": 0,
          "private": "eyJlMmJmYjczMC1lY2FhLTExZTYtOGY4OC0zNDM2M2JjN2M0YzAiOnsiY3JlYXRlIjoxODAwMDAwMDAwMDAwLCJkZWxldGUiOjE4MDAwMDAwMDAwMDAsInJlYWQiOjMwMDAwMDAwMDAwMCwidXBkYXRlIjoxODAwMDAwMDAwMDAwfX0=",
          "dependencies": [
            "azurerm_resource_group.tempus_rg",
            "data.azurerm_client_config.current",
            "module.tempus_key_vault.azurerm_key_vault.tempus_kv",
            "random_integer.randomizer"
          ]
        }
      ]
    },
    {
      "module": "module.tempus_key_vault",
      "mode": "managed",
      "type": "azurerm_key_vault_secret",
      "name": "tempus_app_context",
      "provider": "provider[\"registry.terraform.io/hashicorp/azurerm\"]",
      "instances": [
        {
          "schema_version": 0,
          "attributes": {
            "content_type": "",
            "expiration_date": null,
            "id": "https://tempus-kv-13485-dev.vault.azure.net/secrets/tempus-connection-string/5920208982864926932cf14bf2ff7f50",
            "key_vault_id": "/subscriptions/7d5ab709-3c82-42c8-bbca-a86f8d15538b/resourceGroups/tempus-rg/providers/Microsoft.KeyVault/vaults/tempus-kv-13485-dev",
            "name": "tempus-connection-string",
            "not_before_date": null,
            "resource_id": "/subscriptions/7d5ab709-3c82-42c8-bbca-a86f8d15538b/resourceGroups/tempus-rg/providers/Microsoft.KeyVault/vaults/tempus-kv-13485-dev/secrets/tempus-connection-string/versions/5920208982864926932cf14bf2ff7f50",
            "resource_versionless_id": "/subscriptions/7d5ab709-3c82-42c8-bbca-a86f8d15538b/resourceGroups/tempus-rg/providers/Microsoft.KeyVault/vaults/tempus-kv-13485-dev/secrets/tempus-connection-string",
            "tags": null,
            "timeouts": null,
            "value": "Server=tcp:tempus-sqlserver-13485-dev.database.windows.net,1433;Initial Catalog=tempus-database;Persist Security Info=False;User ID=OprUzHXR2oi2;Password=z�}O^PLv�yOs4~Dqapl�?2;MultipleActiveResultSets=False;Encrypt=True;TrustServerCertificate=False;Connection Timeout=30;",
            "version": "5920208982864926932cf14bf2ff7f50",
            "versionless_id": "https://tempus-kv-13485-dev.vault.azure.net/secrets/tempus-connection-string"
          },
          "sensitive_attributes": [
            [
              {
                "type": "get_attr",
                "value": "value"
              }
            ]
          ],
          "identity_schema_version": 0,
          "private": "eyJlMmJmYjczMC1lY2FhLTExZTYtOGY4OC0zNDM2M2JjN2M0YzAiOnsiY3JlYXRlIjoxODAwMDAwMDAwMDAwLCJkZWxldGUiOjE4MDAwMDAwMDAwMDAsInJlYWQiOjE4MDAwMDAwMDAwMDAsInVwZGF0ZSI6MTgwMDAwMDAwMDAwMH19",
          "dependencies": [
            "azurerm_resource_group.tempus_rg",
            "data.azurerm_client_config.current",
            "module.tempus_database.azurerm_mssql_database.tempus_db",
            "module.tempus_database.azurerm_mssql_server.sql_server",
            "module.tempus_database.random_string.random_login",
            "module.tempus_database.random_string.random_password",
            "module.tempus_key_vault.azurerm_key_vault.tempus_kv",
            "module.tempus_key_vault.azurerm_key_vault_access_policy.kv_policy_principal",
            "random_integer.randomizer"
          ]
        }
      ]
    }
  ],
  "check_results": null
}
