{
  "version": 4,
  "terraform_version": "1.4.4",
  "serial": 172,
  "lineage": "6deac63e-2889-087a-672e-7f82d236c06c",
  "outputs": {},
  "resources": [
    {
      "mode": "data",
      "type": "azurerm_client_config",
      "name": "current",
      "provider": "provider[\"registry.terraform.io/hashicorp/azurerm\"]",
      "instances": [
        {
          "schema_version": 0,
          "attributes": {
            "client_id": "04b07795-8ddb-461a-bbee-02f9e1bf7b46",
            "id": "Y2xpZW50Q29uZmlncy9jbGllbnRJZD0wNGIwNzc5NS04ZGRiLTQ2MWEtYmJlZS0wMmY5ZTFiZjdiNDY7b2JqZWN0SWQ9NTI0ZmE2Y2ItOWFkMS00YjI0LTgyZjItNmU0MWE5ZjcxMjYyO3N1YnNjcmlwdGlvbklkPTcxYjA4NjEyLWNmYzctNDdiMC05MWE4LTRiNTEzYjM0NDM5Nzt0ZW5hbnRJZD0xZGEzY2IwZi05NjI4LTQ1MmMtYTBjYS0wNzk1ZWYxMDk4NGM=",
            "object_id": "524fa6cb-9ad1-4b24-82f2-6e41a9f71262",
            "subscription_id": "71b08612-cfc7-47b0-91a8-4b513b344397",
            "tenant_id": "1da3cb0f-9628-452c-a0ca-0795ef10984c",
            "timeouts": null
          },
          "sensitive_attributes": []
        }
      ]
    },
    {
      "mode": "managed",
      "type": "azurerm_resource_group",
      "name": "tempus_rg",
      "provider": "provider[\"registry.terraform.io/hashicorp/azurerm\"]",
      "instances": [
        {
          "schema_version": 0,
          "attributes": {
            "id": "/subscriptions/71b08612-cfc7-47b0-91a8-4b513b344397/resourceGroups/tempus-rg",
            "location": "westeurope",
            "name": "tempus-rg",
            "tags": null,
            "timeouts": null
          },
          "sensitive_attributes": [],
          "private": "eyJlMmJmYjczMC1lY2FhLTExZTYtOGY4OC0zNDM2M2JjN2M0YzAiOnsiY3JlYXRlIjo1NDAwMDAwMDAwMDAwLCJkZWxldGUiOjU0MDAwMDAwMDAwMDAsInJlYWQiOjMwMDAwMDAwMDAwMCwidXBkYXRlIjo1NDAwMDAwMDAwMDAwfX0="
        }
      ]
    },
    {
      "mode": "managed",
      "type": "random_integer",
      "name": "randomizer",
      "provider": "provider[\"registry.terraform.io/hashicorp/random\"]",
      "instances": [
        {
          "schema_version": 0,
          "attributes": {
            "id": "7763",
            "keepers": null,
            "max": 50000,
            "min": 1,
            "result": 7763,
            "seed": null
          },
          "sensitive_attributes": []
        }
      ]
    },
    {
      "module": "module.tempus_app_NET",
      "mode": "managed",
      "type": "azurerm_application_insights",
      "name": "tempus_app_insights",
      "provider": "provider[\"registry.terraform.io/hashicorp/azurerm\"]",
      "instances": [
        {
          "schema_version": 1,
          "attributes": {
            "app_id": "ae2c4d28-2469-4cf2-9515-6523db14cbb7",
            "application_type": "web",
            "connection_string": "InstrumentationKey=ecf90f87-d8e9-45a6-a132-94d3742f1441;IngestionEndpoint=https://westeurope-5.in.applicationinsights.azure.com/;LiveEndpoint=https://westeurope.livediagnostics.monitor.azure.com/",
            "daily_data_cap_in_gb": 0.2,
            "daily_data_cap_notifications_disabled": false,
            "disable_ip_masking": false,
            "force_customer_storage_for_profiler": false,
            "id": "/subscriptions/71b08612-cfc7-47b0-91a8-4b513b344397/resourceGroups/tempus-rg/providers/Microsoft.Insights/components/tempus-appi-dev",
            "instrumentation_key": "ecf90f87-d8e9-45a6-a132-94d3742f1441",
            "internet_ingestion_enabled": true,
            "internet_query_enabled": true,
            "local_authentication_disabled": false,
            "location": "westeurope",
            "name": "tempus-appi-dev",
            "resource_group_name": "tempus-rg",
            "retention_in_days": 90,
            "sampling_percentage": 100,
            "tags": {
              "environment": "dev"
            },
            "timeouts": null,
            "workspace_id": "/subscriptions/71b08612-cfc7-47b0-91a8-4b513b344397/resourceGroups/tempus-rg/providers/Microsoft.OperationalInsights/workspaces/tempus-log-dev"
          },
          "sensitive_attributes": [],
          "private": "eyJlMmJmYjczMC1lY2FhLTExZTYtOGY4OC0zNDM2M2JjN2M0YzAiOnsiY3JlYXRlIjozNjAwMDAwMDAwMDAwLCJkZWxldGUiOjE4MDAwMDAwMDAwMDAsInJlYWQiOjMwMDAwMDAwMDAwMCwidXBkYXRlIjoxODAwMDAwMDAwMDAwfSwic2NoZW1hX3ZlcnNpb24iOiIxIn0=",
          "dependencies": [
            "azurerm_resource_group.tempus_rg",
            "module.tempus_app_NET.azurerm_log_analytics_workspace.tempus_workspace"
          ]
        }
      ]
    },
    {
      "module": "module.tempus_app_NET",
      "mode": "managed",
      "type": "azurerm_linux_web_app",
      "name": "tempus_app",
      "provider": "provider[\"registry.terraform.io/hashicorp/azurerm\"]",
      "instances": [
        {
          "schema_version": 0,
          "attributes": {
            "app_settings": {
              "APPINSIGHTS_INSTRUMENTATIONKEY": "ecf90f87-d8e9-45a6-a132-94d3742f1441",
              "APPLICATIONINSIGHTS_CONNECTION_STRING": "InstrumentationKey=ecf90f87-d8e9-45a6-a132-94d3742f1441;IngestionEndpoint=https://westeurope-5.in.applicationinsights.azure.com/;LiveEndpoint=https://westeurope.livediagnostics.monitor.azure.com/",
              "KeyVaultName": "tempus-kv-7763-dev"
            },
            "auth_settings": [],
            "auth_settings_v2": [],
            "backup": [],
            "client_affinity_enabled": false,
            "client_certificate_enabled": false,
            "client_certificate_exclusion_paths": "",
            "client_certificate_mode": "Required",
            "connection_string": [],
            "custom_domain_verification_id": "26D51F903F3B1AE0DF302EE2E26C2A36356869A2BE3873B5CF86A8DEC1D5E9BC",
            "default_hostname": "tempus-app-dev.azurewebsites.net",
            "enabled": true,
            "hosting_environment_id": "",
            "https_only": false,
            "id": "/subscriptions/71b08612-cfc7-47b0-91a8-4b513b344397/resourceGroups/tempus-rg/providers/Microsoft.Web/sites/tempus-app-dev",
            "identity": [
              {
                "identity_ids": null,
                "principal_id": "7ab26418-7e4e-4176-b235-2cad841996e7",
                "tenant_id": "1da3cb0f-9628-452c-a0ca-0795ef10984c",
                "type": "SystemAssigned"
              }
            ],
            "key_vault_reference_identity_id": "SystemAssigned",
            "kind": "app,linux",
            "location": "westeurope",
            "logs": [],
            "name": "tempus-app-dev",
            "outbound_ip_address_list": [
              "20.73.205.48",
              "20.73.205.98",
              "20.73.205.251",
              "20.73.206.81",
              "20.73.207.10",
              "20.73.207.102",
              "20.73.135.74",
              "20.73.135.154",
              "20.73.135.236",
              "20.73.200.35",
              "20.73.200.86",
              "20.73.200.135",
              "20.105.232.40"
            ],
            "outbound_ip_addresses": "20.73.205.48,20.73.205.98,20.73.205.251,20.73.206.81,20.73.207.10,20.73.207.102,20.73.135.74,20.73.135.154,20.73.135.236,20.73.200.35,20.73.200.86,20.73.200.135,20.105.232.40",
            "possible_outbound_ip_address_list": [
              "20.73.205.48",
              "20.73.205.98",
              "20.73.205.251",
              "20.73.206.81",
              "20.73.207.10",
              "20.73.207.102",
              "20.73.135.74",
              "20.73.135.154",
              "20.73.135.236",
              "20.73.200.35",
              "20.73.200.86",
              "20.73.200.135",
              "20.73.201.16",
              "20.73.201.42",
              "20.73.201.90",
              "20.73.202.28",
              "20.73.202.102",
              "20.73.202.135",
              "20.73.203.36",
              "20.73.203.124",
              "20.73.203.177",
              "20.73.203.181",
              "20.73.204.95",
              "20.73.205.32",
              "20.73.205.48",
              "20.73.205.98",
              "20.73.205.251",
              "20.73.206.81",
              "20.73.207.10",
              "20.73.207.102",
              "20.73.207.210",
              "20.76.24.56",
              "20.76.24.227",
              "20.76.25.1",
              "20.76.25.87",
              "20.76.25.193",
              "20.105.232.40"
            ],
            "possible_outbound_ip_addresses": "20.73.205.48,20.73.205.98,20.73.205.251,20.73.206.81,20.73.207.10,20.73.207.102,20.73.135.74,20.73.135.154,20.73.135.236,20.73.200.35,20.73.200.86,20.73.200.135,20.73.201.16,20.73.201.42,20.73.201.90,20.73.202.28,20.73.202.102,20.73.202.135,20.73.203.36,20.73.203.124,20.73.203.177,20.73.203.181,20.73.204.95,20.73.205.32,20.73.205.48,20.73.205.98,20.73.205.251,20.73.206.81,20.73.207.10,20.73.207.102,20.73.207.210,20.76.24.56,20.76.24.227,20.76.25.1,20.76.25.87,20.76.25.193,20.105.232.40",
            "resource_group_name": "tempus-rg",
            "service_plan_id": "/subscriptions/71b08612-cfc7-47b0-91a8-4b513b344397/resourceGroups/tempus-rg/providers/Microsoft.Web/serverfarms/tempus-asp",
            "site_config": [
              {
                "always_on": true,
                "api_definition_url": "",
                "api_management_api_id": "",
                "app_command_line": "",
                "application_stack": [
                  {
                    "docker_image": "",
                    "docker_image_tag": "",
                    "dotnet_version": "7.0",
                    "go_version": "",
                    "java_server": "",
                    "java_server_version": "",
                    "java_version": "",
                    "node_version": "",
                    "php_version": "",
                    "python_version": "",
                    "ruby_version": ""
                  }
                ],
                "auto_heal_enabled": false,
                "auto_heal_setting": [],
                "container_registry_managed_identity_client_id": "",
                "container_registry_use_managed_identity": false,
                "cors": [],
                "default_documents": [
                  "Default.htm",
                  "Default.html",
                  "Default.asp",
                  "index.htm",
                  "index.html",
                  "iisstart.htm",
                  "default.aspx",
                  "index.php",
                  "hostingstart.html"
                ],
                "detailed_error_logging_enabled": false,
                "ftps_state": "Disabled",
                "health_check_eviction_time_in_min": 0,
                "health_check_path": "",
                "http2_enabled": false,
                "ip_restriction": [],
                "linux_fx_version": "DOTNETCORE|7.0",
                "load_balancing_mode": "LeastRequests",
                "local_mysql_enabled": false,
                "managed_pipeline_mode": "Integrated",
                "minimum_tls_version": "1.2",
                "remote_debugging_enabled": false,
                "remote_debugging_version": "VS2019",
                "scm_ip_restriction": [],
                "scm_minimum_tls_version": "1.2",
                "scm_type": "None",
                "scm_use_main_ip_restriction": false,
                "use_32_bit_worker": true,
                "vnet_route_all_enabled": false,
                "websockets_enabled": false,
                "worker_count": 1
              }
            ],
            "site_credential": [
              {
                "name": "$tempus-app-dev",
                "password": "subSqdJFazPZKRqaieCABTia5QoMdwYZKF3XRok8sR0ioR1x7QrmzfZCkxMu"
              }
            ],
            "sticky_settings": [],
            "storage_account": [],
            "tags": {
              "environment": "dev"
            },
            "timeouts": null,
            "virtual_network_subnet_id": "",
            "zip_deploy_file": ""
          },
          "sensitive_attributes": [
            [
              {
                "type": "get_attr",
                "value": "app_settings"
              },
              {
                "type": "index",
                "value": {
                  "value": "APPINSIGHTS_INSTRUMENTATIONKEY",
                  "type": "string"
                }
              }
            ],
            [
              {
                "type": "get_attr",
                "value": "app_settings"
              },
              {
                "type": "index",
                "value": {
                  "value": "APPLICATIONINSIGHTS_CONNECTION_STRING",
                  "type": "string"
                }
              }
            ]
          ],
          "private": "eyJlMmJmYjczMC1lY2FhLTExZTYtOGY4OC0zNDM2M2JjN2M0YzAiOnsiY3JlYXRlIjoxODAwMDAwMDAwMDAwLCJkZWxldGUiOjE4MDAwMDAwMDAwMDAsInJlYWQiOjMwMDAwMDAwMDAwMCwidXBkYXRlIjoxODAwMDAwMDAwMDAwfX0=",
          "dependencies": [
            "azurerm_resource_group.tempus_rg",
            "data.azurerm_client_config.current",
            "module.tempus_app_NET.azurerm_application_insights.tempus_app_insights",
            "module.tempus_app_NET.azurerm_log_analytics_workspace.tempus_workspace",
            "module.tempus_app_NET.azurerm_service_plan.tempus_asp",
            "module.tempus_key_vault.azurerm_key_vault.tempus_kv",
            "random_integer.randomizer"
          ]
        }
      ]
    },
    {
      "module": "module.tempus_app_NET",
      "mode": "managed",
      "type": "azurerm_log_analytics_workspace",
      "name": "tempus_workspace",
      "provider": "provider[\"registry.terraform.io/hashicorp/azurerm\"]",
      "instances": [
        {
          "schema_version": 3,
          "attributes": {
            "allow_resource_only_permissions": true,
            "cmk_for_query_forced": false,
            "daily_quota_gb": -1,
            "id": "/subscriptions/71b08612-cfc7-47b0-91a8-4b513b344397/resourceGroups/tempus-rg/providers/Microsoft.OperationalInsights/workspaces/tempus-log-dev",
            "internet_ingestion_enabled": true,
            "internet_query_enabled": true,
            "local_authentication_disabled": false,
            "location": "westeurope",
            "name": "tempus-log-dev",
            "primary_shared_key": "fXzWDGDrmWvXFDmFrCZ8vqRRzivPNyLVO48lOXv3HmSsxpeFhzJ4jUPefdzn+Q7ZbWz3zXf/nXpwUi5tqNbBBw==",
            "reservation_capacity_in_gb_per_day": null,
            "resource_group_name": "tempus-rg",
            "retention_in_days": 30,
            "secondary_shared_key": "l3r0rok5u9FzhkSvagqRx8mfWvpnD82PXbSjvfZRFoBNFf2MN5A452NB9rPNa3QAqqt4j28NuD/f63tu1ABWZg==",
            "sku": "PerGB2018",
            "tags": {
              "environment": "dev"
            },
            "timeouts": null,
            "workspace_id": "c635e06c-7efa-444d-9885-cb92532528e0"
          },
          "sensitive_attributes": [],
          "private": "eyJlMmJmYjczMC1lY2FhLTExZTYtOGY4OC0zNDM2M2JjN2M0YzAiOnsiY3JlYXRlIjoxODAwMDAwMDAwMDAwLCJkZWxldGUiOjE4MDAwMDAwMDAwMDAsInJlYWQiOjMwMDAwMDAwMDAwMCwidXBkYXRlIjoxODAwMDAwMDAwMDAwfSwic2NoZW1hX3ZlcnNpb24iOiIzIn0=",
          "dependencies": [
            "azurerm_resource_group.tempus_rg"
          ]
        }
      ]
    },
    {
      "module": "module.tempus_app_NET",
      "mode": "managed",
      "type": "azurerm_service_plan",
      "name": "tempus_asp",
      "provider": "provider[\"registry.terraform.io/hashicorp/azurerm\"]",
      "instances": [
        {
          "schema_version": 0,
          "attributes": {
            "app_service_environment_id": "",
            "id": "/subscriptions/71b08612-cfc7-47b0-91a8-4b513b344397/resourceGroups/tempus-rg/providers/Microsoft.Web/serverfarms/tempus-asp",
            "kind": "linux",
            "location": "westeurope",
            "maximum_elastic_worker_count": 1,
            "name": "tempus-asp",
            "os_type": "Linux",
            "per_site_scaling_enabled": false,
            "reserved": true,
            "resource_group_name": "tempus-rg",
            "sku_name": "B1",
            "tags": {
              "environment": "dev"
            },
            "timeouts": null,
            "worker_count": 1,
            "zone_balancing_enabled": false
          },
          "sensitive_attributes": [],
          "private": "eyJlMmJmYjczMC1lY2FhLTExZTYtOGY4OC0zNDM2M2JjN2M0YzAiOnsiY3JlYXRlIjozNjAwMDAwMDAwMDAwLCJkZWxldGUiOjM2MDAwMDAwMDAwMDAsInJlYWQiOjMwMDAwMDAwMDAwMCwidXBkYXRlIjozNjAwMDAwMDAwMDAwfX0=",
          "dependencies": [
            "azurerm_resource_group.tempus_rg"
          ]
        }
      ]
    },
    {
      "module": "module.tempus_app_NET",
      "mode": "managed",
      "type": "azurerm_service_plan",
      "name": "tempus_asp_UI",
      "provider": "provider[\"registry.terraform.io/hashicorp/azurerm\"]",
      "instances": [
        {
          "schema_version": 0,
          "attributes": {
            "app_service_environment_id": "",
            "id": "/subscriptions/71b08612-cfc7-47b0-91a8-4b513b344397/resourceGroups/tempus-rg/providers/Microsoft.Web/serverfarms/tempus-asp-UI",
            "kind": "app",
            "location": "westeurope",
            "maximum_elastic_worker_count": 1,
            "name": "tempus-asp-UI",
            "os_type": "Windows",
            "per_site_scaling_enabled": false,
            "reserved": false,
            "resource_group_name": "tempus-rg",
            "sku_name": "B1",
            "tags": {
              "environment": "dev"
            },
            "timeouts": null,
            "worker_count": 1,
            "zone_balancing_enabled": false
          },
          "sensitive_attributes": [],
          "private": "eyJlMmJmYjczMC1lY2FhLTExZTYtOGY4OC0zNDM2M2JjN2M0YzAiOnsiY3JlYXRlIjozNjAwMDAwMDAwMDAwLCJkZWxldGUiOjM2MDAwMDAwMDAwMDAsInJlYWQiOjMwMDAwMDAwMDAwMCwidXBkYXRlIjozNjAwMDAwMDAwMDAwfX0=",
          "dependencies": [
            "azurerm_resource_group.tempus_rg"
          ]
        }
      ]
    },
    {
      "module": "module.tempus_app_NET",
      "mode": "managed",
      "type": "azurerm_windows_web_app",
      "name": "tempus_app_UI",
      "provider": "provider[\"registry.terraform.io/hashicorp/azurerm\"]",
      "instances": [
        {
          "schema_version": 0,
          "attributes": {
            "app_settings": {
              "APPINSIGHTS_INSTRUMENTATIONKEY": "ecf90f87-d8e9-45a6-a132-94d3742f1441",
              "APPLICATIONINSIGHTS_CONNECTION_STRING": "InstrumentationKey=ecf90f87-d8e9-45a6-a132-94d3742f1441;IngestionEndpoint=https://westeurope-5.in.applicationinsights.azure.com/;LiveEndpoint=https://westeurope.livediagnostics.monitor.azure.com/",
              "KeyVaultName": "tempus-kv-7763-dev"
            },
            "auth_settings": [],
            "auth_settings_v2": [],
            "backup": [],
            "client_affinity_enabled": false,
            "client_certificate_enabled": false,
            "client_certificate_exclusion_paths": "",
            "client_certificate_mode": "Required",
            "connection_string": [],
            "custom_domain_verification_id": "26D51F903F3B1AE0DF302EE2E26C2A36356869A2BE3873B5CF86A8DEC1D5E9BC",
            "default_hostname": "tempus-app-dev-ui.azurewebsites.net",
            "enabled": true,
            "hosting_environment_id": "",
            "https_only": false,
            "id": "/subscriptions/71b08612-cfc7-47b0-91a8-4b513b344397/resourceGroups/tempus-rg/providers/Microsoft.Web/sites/tempus-app-dev-UI",
            "identity": [
              {
                "identity_ids": null,
                "principal_id": "12c52dfd-95d9-482a-9101-1744f332be6d",
                "tenant_id": "1da3cb0f-9628-452c-a0ca-0795ef10984c",
                "type": "SystemAssigned"
              }
            ],
            "key_vault_reference_identity_id": "SystemAssigned",
            "kind": "app",
            "location": "westeurope",
            "logs": [],
            "name": "tempus-app-dev-UI",
            "outbound_ip_address_list": [
              "20.13.68.57",
              "20.13.68.73",
              "20.13.68.165",
              "20.13.69.86",
              "20.13.69.228",
              "20.13.70.12",
              "4.231.72.40",
              "4.231.72.58",
              "4.231.72.65",
              "4.231.72.68",
              "4.231.72.83",
              "4.231.72.85",
              "4.231.72.104",
              "4.231.72.118",
              "4.231.72.120",
              "20.4.94.190",
              "4.231.72.134",
              "4.231.72.145",
              "20.105.224.27"
            ],
            "outbound_ip_addresses": "20.13.68.57,20.13.68.73,20.13.68.165,20.13.69.86,20.13.69.228,20.13.70.12,4.231.72.40,4.231.72.58,4.231.72.65,4.231.72.68,4.231.72.83,4.231.72.85,4.231.72.104,4.231.72.118,4.231.72.120,20.4.94.190,4.231.72.134,4.231.72.145,20.105.224.27",
            "possible_outbound_ip_address_list": [
              "20.13.68.57",
              "20.13.68.73",
              "20.13.68.165",
              "20.13.69.86",
              "20.13.69.228",
              "20.13.70.12",
              "4.231.72.40",
              "4.231.72.58",
              "4.231.72.65",
              "4.231.72.68",
              "4.231.72.83",
              "4.231.72.85",
              "4.231.72.104",
              "4.231.72.118",
              "4.231.72.120",
              "20.4.94.190",
              "4.231.72.134",
              "4.231.72.145",
              "20.13.70.29",
              "20.13.70.60",
              "20.13.67.73",
              "20.13.70.75",
              "20.13.70.117",
              "20.13.70.118",
              "20.13.70.128",
              "20.13.70.135",
              "20.13.70.150",
              "20.13.70.153",
              "20.13.70.164",
              "20.13.70.176",
              "20.13.70.181",
              "20.13.70.211",
              "20.13.70.215",
              "20.13.71.11",
              "4.231.72.14",
              "4.231.72.21",
              "4.231.72.40",
              "4.231.72.58",
              "4.231.72.65",
              "4.231.72.68",
              "4.231.72.83",
              "4.231.72.85",
              "4.231.72.104",
              "4.231.72.118",
              "4.231.72.120",
              "20.4.94.190",
              "4.231.72.134",
              "4.231.72.145",
              "4.231.72.172",
              "4.231.72.218",
              "4.231.72.244",
              "4.231.73.16",
              "4.231.73.125",
              "4.231.73.217",
              "20.105.224.27"
            ],
            "possible_outbound_ip_addresses": "20.13.68.57,20.13.68.73,20.13.68.165,20.13.69.86,20.13.69.228,20.13.70.12,4.231.72.40,4.231.72.58,4.231.72.65,4.231.72.68,4.231.72.83,4.231.72.85,4.231.72.104,4.231.72.118,4.231.72.120,20.4.94.190,4.231.72.134,4.231.72.145,20.13.70.29,20.13.70.60,20.13.67.73,20.13.70.75,20.13.70.117,20.13.70.118,20.13.70.128,20.13.70.135,20.13.70.150,20.13.70.153,20.13.70.164,20.13.70.176,20.13.70.181,20.13.70.211,20.13.70.215,20.13.71.11,4.231.72.14,4.231.72.21,4.231.72.40,4.231.72.58,4.231.72.65,4.231.72.68,4.231.72.83,4.231.72.85,4.231.72.104,4.231.72.118,4.231.72.120,20.4.94.190,4.231.72.134,4.231.72.145,4.231.72.172,4.231.72.218,4.231.72.244,4.231.73.16,4.231.73.125,4.231.73.217,20.105.224.27",
            "resource_group_name": "tempus-rg",
            "service_plan_id": "/subscriptions/71b08612-cfc7-47b0-91a8-4b513b344397/resourceGroups/tempus-rg/providers/Microsoft.Web/serverfarms/tempus-asp-UI",
            "site_config": [
              {
                "always_on": true,
                "api_definition_url": "",
                "api_management_api_id": "",
                "app_command_line": "",
                "application_stack": [
                  {
                    "current_stack": "node",
                    "docker_container_name": "",
                    "docker_container_registry": "",
                    "docker_container_tag": "",
                    "dotnet_core_version": "",
                    "dotnet_version": "",
                    "java_container": "",
                    "java_container_version": "",
                    "java_embedded_server_enabled": false,
                    "java_version": "",
                    "node_version": "~18",
                    "php_version": "5.6",
                    "python": false,
                    "python_version": "",
                    "tomcat_version": ""
                  }
                ],
                "auto_heal_enabled": false,
                "auto_heal_setting": [],
                "container_registry_managed_identity_client_id": "",
                "container_registry_use_managed_identity": false,
                "cors": [],
                "default_documents": [
                  "Default.htm",
                  "Default.html",
                  "Default.asp",
                  "index.htm",
                  "index.html",
                  "iisstart.htm",
                  "default.aspx",
                  "index.php",
                  "hostingstart.html"
                ],
                "detailed_error_logging_enabled": false,
                "ftps_state": "Disabled",
                "health_check_eviction_time_in_min": 0,
                "health_check_path": "",
                "http2_enabled": false,
                "ip_restriction": [],
                "linux_fx_version": "",
                "load_balancing_mode": "LeastRequests",
                "local_mysql_enabled": false,
                "managed_pipeline_mode": "Integrated",
                "minimum_tls_version": "1.2",
                "remote_debugging_enabled": false,
                "remote_debugging_version": "VS2019",
                "scm_ip_restriction": [],
                "scm_minimum_tls_version": "1.2",
                "scm_type": "None",
                "scm_use_main_ip_restriction": false,
                "use_32_bit_worker": true,
                "virtual_application": [],
                "vnet_route_all_enabled": false,
                "websockets_enabled": false,
                "windows_fx_version": "",
                "worker_count": 1
              }
            ],
            "site_credential": [
              {
                "name": "$tempus-app-dev-UI",
                "password": "wX6bhP9XxdPtsRDdp72A9v2q2TeWCH5ede4KjkYju6h2sqsikbE4HoNfl0Se"
              }
            ],
            "sticky_settings": [],
            "storage_account": [],
            "tags": {
              "environment": "dev"
            },
            "timeouts": null,
            "virtual_network_subnet_id": "",
            "zip_deploy_file": ""
          },
          "sensitive_attributes": [
            [
              {
                "type": "get_attr",
                "value": "app_settings"
              },
              {
                "type": "index",
                "value": {
                  "value": "APPINSIGHTS_INSTRUMENTATIONKEY",
                  "type": "string"
                }
              }
            ],
            [
              {
                "type": "get_attr",
                "value": "app_settings"
              },
              {
                "type": "index",
                "value": {
                  "value": "APPLICATIONINSIGHTS_CONNECTION_STRING",
                  "type": "string"
                }
              }
            ]
          ],
          "private": "eyJlMmJmYjczMC1lY2FhLTExZTYtOGY4OC0zNDM2M2JjN2M0YzAiOnsiY3JlYXRlIjoxODAwMDAwMDAwMDAwLCJkZWxldGUiOjE4MDAwMDAwMDAwMDAsInJlYWQiOjMwMDAwMDAwMDAwMCwidXBkYXRlIjoxODAwMDAwMDAwMDAwfX0=",
          "dependencies": [
            "azurerm_resource_group.tempus_rg",
            "data.azurerm_client_config.current",
            "module.tempus_app_NET.azurerm_application_insights.tempus_app_insights",
            "module.tempus_app_NET.azurerm_log_analytics_workspace.tempus_workspace",
            "module.tempus_app_NET.azurerm_service_plan.tempus_asp_UI",
            "module.tempus_key_vault.azurerm_key_vault.tempus_kv",
            "random_integer.randomizer"
          ]
        }
      ]
    },
    {
      "module": "module.tempus_database",
      "mode": "managed",
      "type": "azurerm_mssql_database",
      "name": "tempus_db",
      "provider": "provider[\"registry.terraform.io/hashicorp/azurerm\"]",
      "instances": [
        {
          "schema_version": 1,
          "attributes": {
            "auto_pause_delay_in_minutes": 0,
            "collation": "SQL_Latin1_General_CP1_CI_AS",
            "create_mode": "Default",
            "creation_source_database_id": null,
            "elastic_pool_id": "",
            "geo_backup_enabled": true,
            "id": "/subscriptions/71b08612-cfc7-47b0-91a8-4b513b344397/resourceGroups/tempus-rg/providers/Microsoft.Sql/servers/tempus-sqlserver-7763-dev/databases/tempus-database",
            "import": [],
            "ledger_enabled": false,
            "license_type": "",
            "long_term_retention_policy": [
              {
                "monthly_retention": "PT0S",
                "week_of_year": 1,
                "weekly_retention": "PT0S",
                "yearly_retention": "PT0S"
              }
            ],
            "maintenance_configuration_name": "SQL_Default",
            "max_size_gb": 2,
            "min_capacity": 0,
            "name": "tempus-database",
            "read_replica_count": 0,
            "read_scale": false,
            "recover_database_id": null,
            "restore_dropped_database_id": null,
            "restore_point_in_time": null,
            "sample_name": null,
            "server_id": "/subscriptions/71b08612-cfc7-47b0-91a8-4b513b344397/resourceGroups/tempus-rg/providers/Microsoft.Sql/servers/tempus-sqlserver-7763-dev",
            "short_term_retention_policy": [
              {
                "backup_interval_in_hours": 24,
                "retention_days": 7
              }
            ],
            "sku_name": "Basic",
            "storage_account_type": "Geo",
            "tags": {
              "environment": "dev"
            },
            "threat_detection_policy": [
              {
                "disabled_alerts": [],
                "email_account_admins": "Disabled",
                "email_addresses": [],
                "retention_days": 0,
                "state": "Disabled",
                "storage_account_access_key": "",
                "storage_endpoint": ""
              }
            ],
            "timeouts": null,
            "transparent_data_encryption_enabled": true,
            "zone_redundant": false
          },
          "sensitive_attributes": [],
          "private": "eyJlMmJmYjczMC1lY2FhLTExZTYtOGY4OC0zNDM2M2JjN2M0YzAiOnsiY3JlYXRlIjozNjAwMDAwMDAwMDAwLCJkZWxldGUiOjM2MDAwMDAwMDAwMDAsInJlYWQiOjMwMDAwMDAwMDAwMCwidXBkYXRlIjozNjAwMDAwMDAwMDAwfSwic2NoZW1hX3ZlcnNpb24iOiIxIn0=",
          "dependencies": [
            "azurerm_resource_group.tempus_rg",
            "data.azurerm_client_config.current",
            "module.tempus_database.azurerm_mssql_server.sql_server",
            "module.tempus_database.random_string.random_login",
            "module.tempus_database.random_string.random_password",
            "module.tempus_key_vault.azurerm_key_vault.tempus_kv",
            "module.tempus_key_vault.azurerm_key_vault_access_policy.kv_policy_principal",
            "random_integer.randomizer"
          ]
        }
      ]
    },
    {
      "module": "module.tempus_database",
      "mode": "managed",
      "type": "azurerm_mssql_firewall_rule",
      "name": "firewall_rule",
      "provider": "provider[\"registry.terraform.io/hashicorp/azurerm\"]",
      "instances": [
        {
          "schema_version": 0,
          "attributes": {
            "end_ip_address": "0.0.0.0",
            "id": "/subscriptions/71b08612-cfc7-47b0-91a8-4b513b344397/resourceGroups/tempus-rg/providers/Microsoft.Sql/servers/tempus-sqlserver-7763-dev/firewallRules/tempus-sql_firewall-rule",
            "name": "tempus-sql_firewall-rule",
            "server_id": "/subscriptions/71b08612-cfc7-47b0-91a8-4b513b344397/resourceGroups/tempus-rg/providers/Microsoft.Sql/servers/tempus-sqlserver-7763-dev",
            "start_ip_address": "0.0.0.0",
            "timeouts": null
          },
          "sensitive_attributes": [],
          "private": "eyJlMmJmYjczMC1lY2FhLTExZTYtOGY4OC0zNDM2M2JjN2M0YzAiOnsiY3JlYXRlIjoxODAwMDAwMDAwMDAwLCJkZWxldGUiOjE4MDAwMDAwMDAwMDAsInJlYWQiOjMwMDAwMDAwMDAwMCwidXBkYXRlIjoxODAwMDAwMDAwMDAwfX0=",
          "dependencies": [
            "azurerm_resource_group.tempus_rg",
            "module.tempus_database.azurerm_mssql_server.sql_server",
            "module.tempus_database.random_string.random_login",
            "module.tempus_database.random_string.random_password",
            "random_integer.randomizer"
          ]
        }
      ]
    },
    {
      "module": "module.tempus_database",
      "mode": "managed",
      "type": "azurerm_mssql_firewall_rule",
      "name": "local_access",
      "provider": "provider[\"registry.terraform.io/hashicorp/azurerm\"]",
      "instances": [
        {
          "schema_version": 0,
          "attributes": {
            "end_ip_address": "0.0.0.0",
            "id": "/subscriptions/71b08612-cfc7-47b0-91a8-4b513b344397/resourceGroups/tempus-rg/providers/Microsoft.Sql/servers/tempus-sqlserver-7763-dev/firewallRules/tempus-sql_firewall-rule",
            "name": "tempus-sql_firewall-rule",
            "server_id": "/subscriptions/71b08612-cfc7-47b0-91a8-4b513b344397/resourceGroups/tempus-rg/providers/Microsoft.Sql/servers/tempus-sqlserver-7763-dev",
            "start_ip_address": "0.0.0.0",
            "timeouts": null
          },
          "sensitive_attributes": [],
          "private": "eyJlMmJmYjczMC1lY2FhLTExZTYtOGY4OC0zNDM2M2JjN2M0YzAiOnsiY3JlYXRlIjoxODAwMDAwMDAwMDAwLCJkZWxldGUiOjE4MDAwMDAwMDAwMDAsInJlYWQiOjMwMDAwMDAwMDAwMCwidXBkYXRlIjoxODAwMDAwMDAwMDAwfX0=",
          "dependencies": [
            "azurerm_resource_group.tempus_rg",
            "module.tempus_database.azurerm_mssql_server.sql_server",
            "module.tempus_database.random_string.random_login",
            "module.tempus_database.random_string.random_password",
            "random_integer.randomizer"
          ]
        }
      ]
    },
    {
      "module": "module.tempus_database",
      "mode": "managed",
      "type": "azurerm_mssql_server",
      "name": "sql_server",
      "provider": "provider[\"registry.terraform.io/hashicorp/azurerm\"]",
      "instances": [
        {
          "schema_version": 0,
          "attributes": {
            "administrator_login": "l3NZYwtHFFcA",
            "administrator_login_password": "Vq�1]9g~jK#-GJQ5P,dPf4",
            "azuread_administrator": [],
            "connection_policy": "Default",
            "fully_qualified_domain_name": "tempus-sqlserver-7763-dev.database.windows.net",
            "id": "/subscriptions/71b08612-cfc7-47b0-91a8-4b513b344397/resourceGroups/tempus-rg/providers/Microsoft.Sql/servers/tempus-sqlserver-7763-dev",
            "identity": [],
            "location": "westeurope",
            "minimum_tls_version": "1.2",
            "name": "tempus-sqlserver-7763-dev",
            "outbound_network_restriction_enabled": false,
            "primary_user_assigned_identity_id": "",
            "public_network_access_enabled": true,
            "resource_group_name": "tempus-rg",
            "restorable_dropped_database_ids": [],
            "tags": {
              "environment": "dev"
            },
            "timeouts": null,
            "transparent_data_encryption_key_vault_key_id": "",
            "version": "12.0"
          },
          "sensitive_attributes": [],
          "private": "eyJlMmJmYjczMC1lY2FhLTExZTYtOGY4OC0zNDM2M2JjN2M0YzAiOnsiY3JlYXRlIjozNjAwMDAwMDAwMDAwLCJkZWxldGUiOjM2MDAwMDAwMDAwMDAsInJlYWQiOjMwMDAwMDAwMDAwMCwidXBkYXRlIjozNjAwMDAwMDAwMDAwfX0=",
          "dependencies": [
            "azurerm_resource_group.tempus_rg",
            "module.tempus_database.random_string.random_login",
            "module.tempus_database.random_string.random_password",
            "random_integer.randomizer"
          ]
        }
      ]
    },
    {
      "module": "module.tempus_database",
      "mode": "managed",
      "type": "random_string",
      "name": "random_login",
      "provider": "provider[\"registry.terraform.io/hashicorp/random\"]",
      "instances": [
        {
          "schema_version": 2,
          "attributes": {
            "id": "l3NZYwtHFFcA",
            "keepers": null,
            "length": 12,
            "lower": true,
            "min_lower": 0,
            "min_numeric": 0,
            "min_special": 0,
            "min_upper": 0,
            "number": true,
            "numeric": true,
            "override_special": null,
            "result": "l3NZYwtHFFcA",
            "special": false,
            "upper": true
          },
          "sensitive_attributes": []
        }
      ]
    },
    {
      "module": "module.tempus_database",
      "mode": "managed",
      "type": "random_string",
      "name": "random_password",
      "provider": "provider[\"registry.terraform.io/hashicorp/random\"]",
      "instances": [
        {
          "schema_version": 2,
          "attributes": {
            "id": "Vq\ufffd1]9g~jK#-GJQ5P,dPf4",
            "keepers": null,
            "length": 22,
            "lower": true,
            "min_lower": 0,
            "min_numeric": 0,
            "min_special": 0,
            "min_upper": 0,
            "number": true,
            "numeric": true,
            "override_special": "#$%^\u0026*-_+[]{}|:‘,.?/`~“()",
            "result": "Vq\ufffd1]9g~jK#-GJQ5P,dPf4",
            "special": true,
            "upper": true
          },
          "sensitive_attributes": []
        }
      ]
    },
    {
      "module": "module.tempus_key_vault",
      "mode": "managed",
      "type": "azurerm_key_vault",
      "name": "tempus_kv",
      "provider": "provider[\"registry.terraform.io/hashicorp/azurerm\"]",
      "instances": [
        {
          "schema_version": 2,
          "attributes": {
            "access_policy": [],
            "contact": [],
            "enable_rbac_authorization": false,
            "enabled_for_deployment": false,
            "enabled_for_disk_encryption": true,
            "enabled_for_template_deployment": false,
            "id": "/subscriptions/71b08612-cfc7-47b0-91a8-4b513b344397/resourceGroups/tempus-rg/providers/Microsoft.KeyVault/vaults/tempus-kv-7763-dev",
            "location": "westeurope",
            "name": "tempus-kv-7763-dev",
            "network_acls": [
              {
                "bypass": "AzureServices",
                "default_action": "Allow",
                "ip_rules": [],
                "virtual_network_subnet_ids": []
              }
            ],
            "public_network_access_enabled": true,
            "purge_protection_enabled": false,
            "resource_group_name": "tempus-rg",
            "sku_name": "standard",
            "soft_delete_retention_days": 7,
            "tags": {
              "environment": "dev"
            },
            "tenant_id": "1da3cb0f-9628-452c-a0ca-0795ef10984c",
            "timeouts": null,
            "vault_uri": "https://tempus-kv-7763-dev.vault.azure.net/"
          },
          "sensitive_attributes": [],
          "private": "eyJlMmJmYjczMC1lY2FhLTExZTYtOGY4OC0zNDM2M2JjN2M0YzAiOnsiY3JlYXRlIjoxODAwMDAwMDAwMDAwLCJkZWxldGUiOjE4MDAwMDAwMDAwMDAsInJlYWQiOjMwMDAwMDAwMDAwMCwidXBkYXRlIjoxODAwMDAwMDAwMDAwfSwic2NoZW1hX3ZlcnNpb24iOiIyIn0=",
          "dependencies": [
            "azurerm_resource_group.tempus_rg",
            "data.azurerm_client_config.current",
            "random_integer.randomizer"
          ]
        }
      ]
    },
    {
      "module": "module.tempus_key_vault",
      "mode": "managed",
      "type": "azurerm_key_vault_access_policy",
      "name": "kv_policy_access",
      "provider": "provider[\"registry.terraform.io/hashicorp/azurerm\"]",
      "instances": [
        {
          "schema_version": 0,
          "attributes": {
            "application_id": null,
            "certificate_permissions": null,
            "id": "/subscriptions/71b08612-cfc7-47b0-91a8-4b513b344397/resourceGroups/tempus-rg/providers/Microsoft.KeyVault/vaults/tempus-kv-7763-dev/objectId/7ab26418-7e4e-4176-b235-2cad841996e7",
            "key_permissions": null,
            "key_vault_id": "/subscriptions/71b08612-cfc7-47b0-91a8-4b513b344397/resourceGroups/tempus-rg/providers/Microsoft.KeyVault/vaults/tempus-kv-7763-dev",
            "object_id": "7ab26418-7e4e-4176-b235-2cad841996e7",
            "secret_permissions": [
              "Get",
              "List"
            ],
            "storage_permissions": null,
            "tenant_id": "1da3cb0f-9628-452c-a0ca-0795ef10984c",
            "timeouts": null
          },
          "sensitive_attributes": [],
          "private": "eyJlMmJmYjczMC1lY2FhLTExZTYtOGY4OC0zNDM2M2JjN2M0YzAiOnsiY3JlYXRlIjoxODAwMDAwMDAwMDAwLCJkZWxldGUiOjE4MDAwMDAwMDAwMDAsInJlYWQiOjMwMDAwMDAwMDAwMCwidXBkYXRlIjoxODAwMDAwMDAwMDAwfX0=",
          "dependencies": [
            "azurerm_resource_group.tempus_rg",
            "data.azurerm_client_config.current",
            "module.tempus_app_NET.azurerm_application_insights.tempus_app_insights",
            "module.tempus_app_NET.azurerm_linux_web_app.tempus_app",
            "module.tempus_app_NET.azurerm_log_analytics_workspace.tempus_workspace",
            "module.tempus_app_NET.azurerm_service_plan.tempus_asp",
            "module.tempus_key_vault.azurerm_key_vault.tempus_kv",
            "random_integer.randomizer"
          ]
        }
      ]
    },
    {
      "module": "module.tempus_key_vault",
      "mode": "managed",
      "type": "azurerm_key_vault_access_policy",
      "name": "kv_policy_principal",
      "provider": "provider[\"registry.terraform.io/hashicorp/azurerm\"]",
      "instances": [
        {
          "schema_version": 0,
          "attributes": {
            "application_id": null,
            "certificate_permissions": null,
            "id": "/subscriptions/71b08612-cfc7-47b0-91a8-4b513b344397/resourceGroups/tempus-rg/providers/Microsoft.KeyVault/vaults/tempus-kv-7763-dev/objectId/524fa6cb-9ad1-4b24-82f2-6e41a9f71262",
            "key_permissions": null,
            "key_vault_id": "/subscriptions/71b08612-cfc7-47b0-91a8-4b513b344397/resourceGroups/tempus-rg/providers/Microsoft.KeyVault/vaults/tempus-kv-7763-dev",
            "object_id": "524fa6cb-9ad1-4b24-82f2-6e41a9f71262",
            "secret_permissions": [
              "Get",
              "List",
              "Set",
              "Delete",
              "Purge"
            ],
            "storage_permissions": null,
            "tenant_id": "1da3cb0f-9628-452c-a0ca-0795ef10984c",
            "timeouts": null
          },
          "sensitive_attributes": [],
          "private": "eyJlMmJmYjczMC1lY2FhLTExZTYtOGY4OC0zNDM2M2JjN2M0YzAiOnsiY3JlYXRlIjoxODAwMDAwMDAwMDAwLCJkZWxldGUiOjE4MDAwMDAwMDAwMDAsInJlYWQiOjMwMDAwMDAwMDAwMCwidXBkYXRlIjoxODAwMDAwMDAwMDAwfX0=",
          "dependencies": [
            "azurerm_resource_group.tempus_rg",
            "data.azurerm_client_config.current",
            "module.tempus_key_vault.azurerm_key_vault.tempus_kv",
            "random_integer.randomizer"
          ]
        }
      ]
    },
    {
      "module": "module.tempus_key_vault",
      "mode": "managed",
      "type": "azurerm_key_vault_secret",
      "name": "tempus_app_context",
      "provider": "provider[\"registry.terraform.io/hashicorp/azurerm\"]",
      "instances": [
        {
          "schema_version": 0,
          "attributes": {
            "content_type": "",
            "expiration_date": null,
            "id": "https://tempus-kv-7763-dev.vault.azure.net/secrets/tempus-connection-string/8b60c6de7c0c49b585852be2e60db585",
            "key_vault_id": "/subscriptions/71b08612-cfc7-47b0-91a8-4b513b344397/resourceGroups/tempus-rg/providers/Microsoft.KeyVault/vaults/tempus-kv-7763-dev",
            "name": "tempus-connection-string",
            "not_before_date": null,
            "resource_id": "/subscriptions/71b08612-cfc7-47b0-91a8-4b513b344397/resourceGroups/tempus-rg/providers/Microsoft.KeyVault/vaults/tempus-kv-7763-dev/secrets/tempus-connection-string/versions/8b60c6de7c0c49b585852be2e60db585",
            "resource_versionless_id": "/subscriptions/71b08612-cfc7-47b0-91a8-4b513b344397/resourceGroups/tempus-rg/providers/Microsoft.KeyVault/vaults/tempus-kv-7763-dev/secrets/tempus-connection-string",
            "tags": null,
            "timeouts": null,
            "value": "Server=tcp:tempus-sqlserver-7763-dev.database.windows.net,1433;Initial Catalog=tempus-database;Persist Security Info=False;User ID=l3NZYwtHFFcA;Password=Vq�1]9g~jK#-GJQ5P,dPf4;MultipleActiveResultSets=False;Encrypt=True;TrustServerCertificate=False;Connection Timeout=30;",
            "version": "8b60c6de7c0c49b585852be2e60db585",
            "versionless_id": "https://tempus-kv-7763-dev.vault.azure.net/secrets/tempus-connection-string"
          },
          "sensitive_attributes": [
            [
              {
                "type": "get_attr",
                "value": "value"
              }
            ]
          ],
          "private": "eyJlMmJmYjczMC1lY2FhLTExZTYtOGY4OC0zNDM2M2JjN2M0YzAiOnsiY3JlYXRlIjoxODAwMDAwMDAwMDAwLCJkZWxldGUiOjE4MDAwMDAwMDAwMDAsInJlYWQiOjE4MDAwMDAwMDAwMDAsInVwZGF0ZSI6MTgwMDAwMDAwMDAwMH19",
          "dependencies": [
            "azurerm_resource_group.tempus_rg",
            "data.azurerm_client_config.current",
            "module.tempus_database.azurerm_mssql_database.tempus_db",
            "module.tempus_database.azurerm_mssql_server.sql_server",
            "module.tempus_database.random_string.random_login",
            "module.tempus_database.random_string.random_password",
            "module.tempus_key_vault.azurerm_key_vault.tempus_kv",
            "module.tempus_key_vault.azurerm_key_vault_access_policy.kv_policy_principal",
            "random_integer.randomizer"
          ]
        }
      ]
    }
  ],
  "check_results": null
}
